// !$*UTF8*$!
{
	archiveVersion = 1;
	classes = {
	};
	objectVersion = 46;
	objects = {

/* Begin PBXBuildFile section */
		10AC00DE8E3F9AE8E47F6AA8 /* Pods_VR_Monitoring.framework in Frameworks */ = {isa = PBXBuildFile; fileRef = 0847791B12BCD63F5CB1ABB3 /* Pods_VR_Monitoring.framework */; };
		7B48156E1C99AD96008FF30A /* MainTabBar.swift in Sources */ = {isa = PBXBuildFile; fileRef = 7B48156D1C99AD96008FF30A /* MainTabBar.swift */; };
		7B4815781C99B4D5008FF30A /* ProgressViewController.swift in Sources */ = {isa = PBXBuildFile; fileRef = 7B4815771C99B4D5008FF30A /* ProgressViewController.swift */; };
		7B48157A1C99B563008FF30A /* MessagingViewController.swift in Sources */ = {isa = PBXBuildFile; fileRef = 7B4815791C99B563008FF30A /* MessagingViewController.swift */; };
		7B5447B21C190DE2008603D4 /* passwordSavedViewController.swift in Sources */ = {isa = PBXBuildFile; fileRef = 7B5447B11C190DE2008603D4 /* passwordSavedViewController.swift */; };
		7B5447B41C191940008603D4 /* exercisesViewController.swift in Sources */ = {isa = PBXBuildFile; fileRef = 7B5447B31C191940008603D4 /* exercisesViewController.swift */; };
		7B5447B61C191991008603D4 /* exercisesTableView.swift in Sources */ = {isa = PBXBuildFile; fileRef = 7B5447B51C191991008603D4 /* exercisesTableView.swift */; };
		7B5447B81C1919AD008603D4 /* exerciseTableViewCell.swift in Sources */ = {isa = PBXBuildFile; fileRef = 7B5447B71C1919AD008603D4 /* exerciseTableViewCell.swift */; };
		7B5447BA1C192F07008603D4 /* timerViewController.swift in Sources */ = {isa = PBXBuildFile; fileRef = 7B5447B91C192F07008603D4 /* timerViewController.swift */; };
		7B602F0F1C4ADBCC003D3E52 /* CoreBluetooth.framework in Frameworks */ = {isa = PBXBuildFile; fileRef = 7B602F0E1C4ADBCC003D3E52 /* CoreBluetooth.framework */; };
		7BD291BC1BEE5F0F006BB075 /* AppDelegate.swift in Sources */ = {isa = PBXBuildFile; fileRef = 7BD291BB1BEE5F0F006BB075 /* AppDelegate.swift */; };
		7BD291BE1BEE5F0F006BB075 /* ViewController.swift in Sources */ = {isa = PBXBuildFile; fileRef = 7BD291BD1BEE5F0F006BB075 /* ViewController.swift */; };
		7BD291C11BEE5F0F006BB075 /* Main.storyboard in Resources */ = {isa = PBXBuildFile; fileRef = 7BD291BF1BEE5F0F006BB075 /* Main.storyboard */; };
		7BD291C31BEE5F0F006BB075 /* Images.xcassets in Resources */ = {isa = PBXBuildFile; fileRef = 7BD291C21BEE5F0F006BB075 /* Images.xcassets */; };
		7BD291C61BEE5F0F006BB075 /* LaunchScreen.xib in Resources */ = {isa = PBXBuildFile; fileRef = 7BD291C41BEE5F0F006BB075 /* LaunchScreen.xib */; };
		7BD291D21BEE5F0F006BB075 /* VR_MonitoringTests.swift in Sources */ = {isa = PBXBuildFile; fileRef = 7BD291D11BEE5F0F006BB075 /* VR_MonitoringTests.swift */; };
		7BD291DC1BEE5F4F006BB075 /* AudioToolbox.framework in Frameworks */ = {isa = PBXBuildFile; fileRef = 7BD291DB1BEE5F4F006BB075 /* AudioToolbox.framework */; };
		7BD291DE1BEE5FA6006BB075 /* CFNetwork.framework in Frameworks */ = {isa = PBXBuildFile; fileRef = 7BD291DD1BEE5FA6006BB075 /* CFNetwork.framework */; };
		7BD291E01BEE5FAD006BB075 /* CoreGraphics.framework in Frameworks */ = {isa = PBXBuildFile; fileRef = 7BD291DF1BEE5FAD006BB075 /* CoreGraphics.framework */; };
		7BD291E21BEE5FB2006BB075 /* CoreLocation.framework in Frameworks */ = {isa = PBXBuildFile; fileRef = 7BD291E11BEE5FB2006BB075 /* CoreLocation.framework */; };
		7BD291E41BEE5FBB006BB075 /* libz.dylib in Frameworks */ = {isa = PBXBuildFile; fileRef = 7BD291E31BEE5FBB006BB075 /* libz.dylib */; };
		7BD291E61BEE5FC2006BB075 /* MobileCoreServices.framework in Frameworks */ = {isa = PBXBuildFile; fileRef = 7BD291E51BEE5FC2006BB075 /* MobileCoreServices.framework */; };
		7BD291E81BEE5FCA006BB075 /* QuartzCore.framework in Frameworks */ = {isa = PBXBuildFile; fileRef = 7BD291E71BEE5FCA006BB075 /* QuartzCore.framework */; };
		7BD291EA1BEE5FFA006BB075 /* Security.framework in Frameworks */ = {isa = PBXBuildFile; fileRef = 7BD291E91BEE5FFA006BB075 /* Security.framework */; };
		7BD291EC1BEE6001006BB075 /* StoreKit.framework in Frameworks */ = {isa = PBXBuildFile; fileRef = 7BD291EB1BEE6001006BB075 /* StoreKit.framework */; };
		7BD291EE1BEE600E006BB075 /* SystemConfiguration.framework in Frameworks */ = {isa = PBXBuildFile; fileRef = 7BD291ED1BEE600E006BB075 /* SystemConfiguration.framework */; };
		7BD291F01BEE601F006BB075 /* libsqlite3.dylib in Frameworks */ = {isa = PBXBuildFile; fileRef = 7BD291EF1BEE601F006BB075 /* libsqlite3.dylib */; };
		7BD292011BEE6063006BB075 /* Parse-VR.m in Sources */ = {isa = PBXBuildFile; fileRef = 7BD292001BEE6063006BB075 /* Parse-VR.m */; };
		7BD292031BF92243006BB075 /* LoginViewController.swift in Sources */ = {isa = PBXBuildFile; fileRef = 7BD292021BF92243006BB075 /* LoginViewController.swift */; };
		7BE73A211C8227AA00F7A80C /* SurveyTask.swift in Sources */ = {isa = PBXBuildFile; fileRef = 7BE73A201C8227AA00F7A80C /* SurveyTask.swift */; };
		9727072D1CB41EB7001583C8 /* PKHUD.framework in Frameworks */ = {isa = PBXBuildFile; fileRef = 9727072C1CB41EAA001583C8 /* PKHUD.framework */; };
		9727072E1CB41EB7001583C8 /* PKHUD.framework in Embed Frameworks */ = {isa = PBXBuildFile; fileRef = 9727072C1CB41EAA001583C8 /* PKHUD.framework */; settings = {ATTRIBUTES = (CodeSignOnCopy, RemoveHeadersOnCopy, ); }; };
		972707311CB41EBB001583C8 /* ResearchKit.framework in Frameworks */ = {isa = PBXBuildFile; fileRef = 9727070F1CB41E80001583C8 /* ResearchKit.framework */; };
		972707321CB41EBB001583C8 /* ResearchKit.framework in Embed Frameworks */ = {isa = PBXBuildFile; fileRef = 9727070F1CB41E80001583C8 /* ResearchKit.framework */; settings = {ATTRIBUTES = (CodeSignOnCopy, RemoveHeadersOnCopy, ); }; };
		972707361CB41EC6001583C8 /* Firebase.framework in Frameworks */ = {isa = PBXBuildFile; fileRef = 972707351CB41EC6001583C8 /* Firebase.framework */; };
		979EA3C21C9DC7EC000257EF /* Bar Chart Filled-35.png in Resources */ = {isa = PBXBuildFile; fileRef = 979EA3BE1C9DC7EC000257EF /* Bar Chart Filled-35.png */; };
		979EA3C31C9DC7EC000257EF /* bg2.png in Resources */ = {isa = PBXBuildFile; fileRef = 979EA3BF1C9DC7EC000257EF /* bg2.png */; };
		979EA3C41C9DC7EC000257EF /* Running-35.png in Resources */ = {isa = PBXBuildFile; fileRef = 979EA3C01C9DC7EC000257EF /* Running-35.png */; };
		979EA3C51C9DC7EC000257EF /* Speech Bubble-35.png in Resources */ = {isa = PBXBuildFile; fileRef = 979EA3C11C9DC7EC000257EF /* Speech Bubble-35.png */; };
		97CE90F21CB051AA0007D9F5 /* GlobalVariables.swift in Sources */ = {isa = PBXBuildFile; fileRef = 97CE90F11CB051AA0007D9F5 /* GlobalVariables.swift */; };
		97FB71D31CB46E5500ED7335 /* Contents.json in Resources */ = {isa = PBXBuildFile; fileRef = 97FB71B61CB46E5500ED7335 /* Contents.json */; };
		97FB71D41CB46E5500ED7335 /* Icon-40.png in Resources */ = {isa = PBXBuildFile; fileRef = 97FB71B71CB46E5500ED7335 /* Icon-40.png */; };
		97FB71D51CB46E5500ED7335 /* Icon-40@2x.png in Resources */ = {isa = PBXBuildFile; fileRef = 97FB71B81CB46E5500ED7335 /* Icon-40@2x.png */; };
		97FB71D61CB46E5500ED7335 /* Icon-40@3x.png in Resources */ = {isa = PBXBuildFile; fileRef = 97FB71B91CB46E5500ED7335 /* Icon-40@3x.png */; };
		97FB71D71CB46E5500ED7335 /* Icon-60@2x.png in Resources */ = {isa = PBXBuildFile; fileRef = 97FB71BA1CB46E5500ED7335 /* Icon-60@2x.png */; };
		97FB71D81CB46E5500ED7335 /* Icon-60@3x.png in Resources */ = {isa = PBXBuildFile; fileRef = 97FB71BB1CB46E5500ED7335 /* Icon-60@3x.png */; };
		97FB71D91CB46E5500ED7335 /* Icon-76.png in Resources */ = {isa = PBXBuildFile; fileRef = 97FB71BC1CB46E5500ED7335 /* Icon-76.png */; };
		97FB71DA1CB46E5500ED7335 /* Icon-76@2x.png in Resources */ = {isa = PBXBuildFile; fileRef = 97FB71BD1CB46E5500ED7335 /* Icon-76@2x.png */; };
		97FB71DB1CB46E5500ED7335 /* Icon-83.5@2x.png in Resources */ = {isa = PBXBuildFile; fileRef = 97FB71BE1CB46E5500ED7335 /* Icon-83.5@2x.png */; };
		97FB71DC1CB46E5500ED7335 /* Icon-Small.png in Resources */ = {isa = PBXBuildFile; fileRef = 97FB71BF1CB46E5500ED7335 /* Icon-Small.png */; };
		97FB71DD1CB46E5500ED7335 /* Icon-Small@2x.png in Resources */ = {isa = PBXBuildFile; fileRef = 97FB71C01CB46E5500ED7335 /* Icon-Small@2x.png */; };
		97FB71DE1CB46E5500ED7335 /* Icon-Small@3x.png in Resources */ = {isa = PBXBuildFile; fileRef = 97FB71C11CB46E5500ED7335 /* Icon-Small@3x.png */; };
		97FB71DF1CB46E5500ED7335 /* Icon-60.png in Resources */ = {isa = PBXBuildFile; fileRef = 97FB71C21CB46E5500ED7335 /* Icon-60.png */; };
		97FB71E01CB46E5500ED7335 /* Icon-72.png in Resources */ = {isa = PBXBuildFile; fileRef = 97FB71C31CB46E5500ED7335 /* Icon-72.png */; };
		97FB71E11CB46E5500ED7335 /* Icon-72@2x.png in Resources */ = {isa = PBXBuildFile; fileRef = 97FB71C41CB46E5500ED7335 /* Icon-72@2x.png */; };
		97FB71E21CB46E5500ED7335 /* Icon-Small-50.png in Resources */ = {isa = PBXBuildFile; fileRef = 97FB71C51CB46E5500ED7335 /* Icon-Small-50.png */; };
		97FB71E31CB46E5500ED7335 /* Icon-Small-50@2x.png in Resources */ = {isa = PBXBuildFile; fileRef = 97FB71C61CB46E5500ED7335 /* Icon-Small-50@2x.png */; };
		97FB71E41CB46E5500ED7335 /* Icon.png in Resources */ = {isa = PBXBuildFile; fileRef = 97FB71C71CB46E5500ED7335 /* Icon.png */; };
		97FB71E51CB46E5500ED7335 /* Icon@2x.png in Resources */ = {isa = PBXBuildFile; fileRef = 97FB71C81CB46E5500ED7335 /* Icon@2x.png */; };
		97FB71E61CB46E5500ED7335 /* iTunesArtwork.png in Resources */ = {isa = PBXBuildFile; fileRef = 97FB71C91CB46E5500ED7335 /* iTunesArtwork.png */; };
		97FB71E71CB46E5500ED7335 /* iTunesArtwork@2x.png in Resources */ = {isa = PBXBuildFile; fileRef = 97FB71CA1CB46E5500ED7335 /* iTunesArtwork@2x.png */; };
		97FB71E81CB46E5500ED7335 /* README.md in Sources */ = {isa = PBXBuildFile; fileRef = 97FB71CB1CB46E5500ED7335 /* README.md */; };
/* End PBXBuildFile section */

/* Begin PBXContainerItemProxy section */
		7BD291CC1BEE5F0F006BB075 /* PBXContainerItemProxy */ = {
			isa = PBXContainerItemProxy;
			containerPortal = 7BD291AE1BEE5F0F006BB075 /* Project object */;
			proxyType = 1;
			remoteGlobalIDString = 7BD291B51BEE5F0F006BB075;
			remoteInfo = VR_Monitoring;
		};
		9727070E1CB41E80001583C8 /* PBXContainerItemProxy */ = {
			isa = PBXContainerItemProxy;
			containerPortal = 972707081CB41E80001583C8 /* ResearchKit.xcodeproj */;
			proxyType = 2;
			remoteGlobalIDString = B183A5951A8535D100C76870;
			remoteInfo = ResearchKit;
		};
		972707101CB41E80001583C8 /* PBXContainerItemProxy */ = {
			isa = PBXContainerItemProxy;
			containerPortal = 972707081CB41E80001583C8 /* ResearchKit.xcodeproj */;
			proxyType = 2;
			remoteGlobalIDString = 86CC8E9A1AC09332001CCD89;
			remoteInfo = ResearchKitTests;
		};
		972707291CB41EAA001583C8 /* PBXContainerItemProxy */ = {
			isa = PBXContainerItemProxy;
			containerPortal = 972707241CB41EA9001583C8 /* PKHUD.xcodeproj */;
			proxyType = 2;
			remoteGlobalIDString = F99631FC19514FAC001F73CA;
			remoteInfo = "PKHUD Demo";
		};
		9727072B1CB41EAA001583C8 /* PBXContainerItemProxy */ = {
			isa = PBXContainerItemProxy;
			containerPortal = 972707241CB41EA9001583C8 /* PKHUD.xcodeproj */;
			proxyType = 2;
			remoteGlobalIDString = F996321E19514FD8001F73CA;
			remoteInfo = PKHUD;
		};
		9727072F1CB41EB7001583C8 /* PBXContainerItemProxy */ = {
			isa = PBXContainerItemProxy;
			containerPortal = 972707241CB41EA9001583C8 /* PKHUD.xcodeproj */;
			proxyType = 1;
			remoteGlobalIDString = F996321D19514FD8001F73CA;
			remoteInfo = PKHUD;
		};
		972707331CB41EBB001583C8 /* PBXContainerItemProxy */ = {
			isa = PBXContainerItemProxy;
			containerPortal = 972707081CB41E80001583C8 /* ResearchKit.xcodeproj */;
			proxyType = 1;
			remoteGlobalIDString = B183A4731A8535D100C76870;
			remoteInfo = ResearchKit;
		};
/* End PBXContainerItemProxy section */

/* Begin PBXCopyFilesBuildPhase section */
		7BE73A1F1C8226CB00F7A80C /* Embed Frameworks */ = {
			isa = PBXCopyFilesBuildPhase;
			buildActionMask = 2147483647;
			dstPath = "";
			dstSubfolderSpec = 10;
			files = (
				972707321CB41EBB001583C8 /* ResearchKit.framework in Embed Frameworks */,
				9727072E1CB41EB7001583C8 /* PKHUD.framework in Embed Frameworks */,
			);
			name = "Embed Frameworks";
			runOnlyForDeploymentPostprocessing = 0;
		};
/* End PBXCopyFilesBuildPhase section */

/* Begin PBXFileReference section */
		0847791B12BCD63F5CB1ABB3 /* Pods_VR_Monitoring.framework */ = {isa = PBXFileReference; explicitFileType = wrapper.framework; includeInIndex = 0; path = Pods_VR_Monitoring.framework; sourceTree = BUILT_PRODUCTS_DIR; };
		091E96F26D5B009629D2B64A /* Pods-VR_Monitoring.debug.xcconfig */ = {isa = PBXFileReference; includeInIndex = 1; lastKnownFileType = text.xcconfig; name = "Pods-VR_Monitoring.debug.xcconfig"; path = "Pods/Target Support Files/Pods-VR_Monitoring/Pods-VR_Monitoring.debug.xcconfig"; sourceTree = "<group>"; };
		4B901D69C8EFDC59B6932D08 /* Pods-VR_Monitoring.release.xcconfig */ = {isa = PBXFileReference; includeInIndex = 1; lastKnownFileType = text.xcconfig; name = "Pods-VR_Monitoring.release.xcconfig"; path = "Pods/Target Support Files/Pods-VR_Monitoring/Pods-VR_Monitoring.release.xcconfig"; sourceTree = "<group>"; };
		7B48156D1C99AD96008FF30A /* MainTabBar.swift */ = {isa = PBXFileReference; fileEncoding = 4; lastKnownFileType = sourcecode.swift; path = MainTabBar.swift; sourceTree = "<group>"; };
		7B4815771C99B4D5008FF30A /* ProgressViewController.swift */ = {isa = PBXFileReference; fileEncoding = 4; lastKnownFileType = sourcecode.swift; path = ProgressViewController.swift; sourceTree = "<group>"; };
		7B4815791C99B563008FF30A /* MessagingViewController.swift */ = {isa = PBXFileReference; fileEncoding = 4; lastKnownFileType = sourcecode.swift; path = MessagingViewController.swift; sourceTree = "<group>"; };
		7B5447B11C190DE2008603D4 /* passwordSavedViewController.swift */ = {isa = PBXFileReference; fileEncoding = 4; lastKnownFileType = sourcecode.swift; path = passwordSavedViewController.swift; sourceTree = "<group>"; };
		7B5447B31C191940008603D4 /* exercisesViewController.swift */ = {isa = PBXFileReference; fileEncoding = 4; lastKnownFileType = sourcecode.swift; path = exercisesViewController.swift; sourceTree = "<group>"; };
		7B5447B51C191991008603D4 /* exercisesTableView.swift */ = {isa = PBXFileReference; fileEncoding = 4; lastKnownFileType = sourcecode.swift; path = exercisesTableView.swift; sourceTree = "<group>"; };
		7B5447B71C1919AD008603D4 /* exerciseTableViewCell.swift */ = {isa = PBXFileReference; fileEncoding = 4; lastKnownFileType = sourcecode.swift; path = exerciseTableViewCell.swift; sourceTree = "<group>"; };
		7B5447B91C192F07008603D4 /* timerViewController.swift */ = {isa = PBXFileReference; fileEncoding = 4; lastKnownFileType = sourcecode.swift; path = timerViewController.swift; sourceTree = "<group>"; };
		7B602F0E1C4ADBCC003D3E52 /* CoreBluetooth.framework */ = {isa = PBXFileReference; lastKnownFileType = wrapper.framework; name = CoreBluetooth.framework; path = System/Library/Frameworks/CoreBluetooth.framework; sourceTree = SDKROOT; };
		7BD291B61BEE5F0F006BB075 /* VR_Monitoring.app */ = {isa = PBXFileReference; explicitFileType = wrapper.application; includeInIndex = 0; path = VR_Monitoring.app; sourceTree = BUILT_PRODUCTS_DIR; };
		7BD291BA1BEE5F0F006BB075 /* Info.plist */ = {isa = PBXFileReference; lastKnownFileType = text.plist.xml; path = Info.plist; sourceTree = "<group>"; };
		7BD291BB1BEE5F0F006BB075 /* AppDelegate.swift */ = {isa = PBXFileReference; lastKnownFileType = sourcecode.swift; path = AppDelegate.swift; sourceTree = "<group>"; };
		7BD291BD1BEE5F0F006BB075 /* ViewController.swift */ = {isa = PBXFileReference; lastKnownFileType = sourcecode.swift; path = ViewController.swift; sourceTree = "<group>"; };
		7BD291C01BEE5F0F006BB075 /* Base */ = {isa = PBXFileReference; lastKnownFileType = file.storyboard; name = Base; path = Base.lproj/Main.storyboard; sourceTree = "<group>"; };
		7BD291C21BEE5F0F006BB075 /* Images.xcassets */ = {isa = PBXFileReference; lastKnownFileType = folder.assetcatalog; path = Images.xcassets; sourceTree = "<group>"; };
		7BD291C51BEE5F0F006BB075 /* Base */ = {isa = PBXFileReference; lastKnownFileType = file.xib; name = Base; path = Base.lproj/LaunchScreen.xib; sourceTree = "<group>"; };
		7BD291CB1BEE5F0F006BB075 /* VR_MonitoringTests.xctest */ = {isa = PBXFileReference; explicitFileType = wrapper.cfbundle; includeInIndex = 0; path = VR_MonitoringTests.xctest; sourceTree = BUILT_PRODUCTS_DIR; };
		7BD291D01BEE5F0F006BB075 /* Info.plist */ = {isa = PBXFileReference; lastKnownFileType = text.plist.xml; path = Info.plist; sourceTree = "<group>"; };
		7BD291D11BEE5F0F006BB075 /* VR_MonitoringTests.swift */ = {isa = PBXFileReference; lastKnownFileType = sourcecode.swift; path = VR_MonitoringTests.swift; sourceTree = "<group>"; };
		7BD291DB1BEE5F4F006BB075 /* AudioToolbox.framework */ = {isa = PBXFileReference; lastKnownFileType = wrapper.framework; name = AudioToolbox.framework; path = System/Library/Frameworks/AudioToolbox.framework; sourceTree = SDKROOT; };
		7BD291DD1BEE5FA6006BB075 /* CFNetwork.framework */ = {isa = PBXFileReference; lastKnownFileType = wrapper.framework; name = CFNetwork.framework; path = System/Library/Frameworks/CFNetwork.framework; sourceTree = SDKROOT; };
		7BD291DF1BEE5FAD006BB075 /* CoreGraphics.framework */ = {isa = PBXFileReference; lastKnownFileType = wrapper.framework; name = CoreGraphics.framework; path = System/Library/Frameworks/CoreGraphics.framework; sourceTree = SDKROOT; };
		7BD291E11BEE5FB2006BB075 /* CoreLocation.framework */ = {isa = PBXFileReference; lastKnownFileType = wrapper.framework; name = CoreLocation.framework; path = System/Library/Frameworks/CoreLocation.framework; sourceTree = SDKROOT; };
		7BD291E31BEE5FBB006BB075 /* libz.dylib */ = {isa = PBXFileReference; lastKnownFileType = "compiled.mach-o.dylib"; name = libz.dylib; path = usr/lib/libz.dylib; sourceTree = SDKROOT; };
		7BD291E51BEE5FC2006BB075 /* MobileCoreServices.framework */ = {isa = PBXFileReference; lastKnownFileType = wrapper.framework; name = MobileCoreServices.framework; path = System/Library/Frameworks/MobileCoreServices.framework; sourceTree = SDKROOT; };
		7BD291E71BEE5FCA006BB075 /* QuartzCore.framework */ = {isa = PBXFileReference; lastKnownFileType = wrapper.framework; name = QuartzCore.framework; path = System/Library/Frameworks/QuartzCore.framework; sourceTree = SDKROOT; };
		7BD291E91BEE5FFA006BB075 /* Security.framework */ = {isa = PBXFileReference; lastKnownFileType = wrapper.framework; name = Security.framework; path = System/Library/Frameworks/Security.framework; sourceTree = SDKROOT; };
		7BD291EB1BEE6001006BB075 /* StoreKit.framework */ = {isa = PBXFileReference; lastKnownFileType = wrapper.framework; name = StoreKit.framework; path = System/Library/Frameworks/StoreKit.framework; sourceTree = SDKROOT; };
		7BD291ED1BEE600E006BB075 /* SystemConfiguration.framework */ = {isa = PBXFileReference; lastKnownFileType = wrapper.framework; name = SystemConfiguration.framework; path = System/Library/Frameworks/SystemConfiguration.framework; sourceTree = SDKROOT; };
		7BD291EF1BEE601F006BB075 /* libsqlite3.dylib */ = {isa = PBXFileReference; lastKnownFileType = "compiled.mach-o.dylib"; name = libsqlite3.dylib; path = usr/lib/libsqlite3.dylib; sourceTree = SDKROOT; };
		7BD291FF1BEE6062006BB075 /* VR_Monitoring-Bridging-Header.h */ = {isa = PBXFileReference; lastKnownFileType = sourcecode.c.h; path = "VR_Monitoring-Bridging-Header.h"; sourceTree = "<group>"; };
		7BD292001BEE6063006BB075 /* Parse-VR.m */ = {isa = PBXFileReference; fileEncoding = 4; lastKnownFileType = sourcecode.c.objc; path = "Parse-VR.m"; sourceTree = "<group>"; };
		7BD292021BF92243006BB075 /* LoginViewController.swift */ = {isa = PBXFileReference; fileEncoding = 4; lastKnownFileType = sourcecode.swift; path = LoginViewController.swift; sourceTree = "<group>"; };
		7BE73A201C8227AA00F7A80C /* SurveyTask.swift */ = {isa = PBXFileReference; fileEncoding = 4; lastKnownFileType = sourcecode.swift; path = SurveyTask.swift; sourceTree = "<group>"; };
		972707081CB41E80001583C8 /* ResearchKit.xcodeproj */ = {isa = PBXFileReference; lastKnownFileType = "wrapper.pb-project"; name = ResearchKit.xcodeproj; path = ../ResearchKit/ResearchKit.xcodeproj; sourceTree = "<group>"; };
		972707241CB41EA9001583C8 /* PKHUD.xcodeproj */ = {isa = PBXFileReference; lastKnownFileType = "wrapper.pb-project"; name = PKHUD.xcodeproj; path = ../PKHUD/PKHUD.xcodeproj; sourceTree = "<group>"; };
		972707351CB41EC6001583C8 /* Firebase.framework */ = {isa = PBXFileReference; lastKnownFileType = wrapper.framework; name = Firebase.framework; path = "Pods/../build/Debug-iphoneos/Firebase.framework"; sourceTree = "<group>"; };
		979EA3BE1C9DC7EC000257EF /* Bar Chart Filled-35.png */ = {isa = PBXFileReference; lastKnownFileType = image.png; name = "Bar Chart Filled-35.png"; path = "../../Bar Chart Filled-35.png"; sourceTree = "<group>"; };
		979EA3BF1C9DC7EC000257EF /* bg2.png */ = {isa = PBXFileReference; lastKnownFileType = image.png; name = bg2.png; path = ../../bg2.png; sourceTree = "<group>"; };
		979EA3C01C9DC7EC000257EF /* Running-35.png */ = {isa = PBXFileReference; lastKnownFileType = image.png; name = "Running-35.png"; path = "../../Running-35.png"; sourceTree = "<group>"; };
		979EA3C11C9DC7EC000257EF /* Speech Bubble-35.png */ = {isa = PBXFileReference; lastKnownFileType = image.png; name = "Speech Bubble-35.png"; path = "../../Speech Bubble-35.png"; sourceTree = "<group>"; };
		97CE90F11CB051AA0007D9F5 /* GlobalVariables.swift */ = {isa = PBXFileReference; fileEncoding = 4; lastKnownFileType = sourcecode.swift; path = GlobalVariables.swift; sourceTree = "<group>"; };
		97FB71B61CB46E5500ED7335 /* Contents.json */ = {isa = PBXFileReference; fileEncoding = 4; lastKnownFileType = text.json; path = Contents.json; sourceTree = "<group>"; };
		97FB71B71CB46E5500ED7335 /* Icon-40.png */ = {isa = PBXFileReference; lastKnownFileType = image.png; path = "Icon-40.png"; sourceTree = "<group>"; };
		97FB71B81CB46E5500ED7335 /* Icon-40@2x.png */ = {isa = PBXFileReference; lastKnownFileType = image.png; path = "Icon-40@2x.png"; sourceTree = "<group>"; };
		97FB71B91CB46E5500ED7335 /* Icon-40@3x.png */ = {isa = PBXFileReference; lastKnownFileType = image.png; path = "Icon-40@3x.png"; sourceTree = "<group>"; };
		97FB71BA1CB46E5500ED7335 /* Icon-60@2x.png */ = {isa = PBXFileReference; lastKnownFileType = image.png; path = "Icon-60@2x.png"; sourceTree = "<group>"; };
		97FB71BB1CB46E5500ED7335 /* Icon-60@3x.png */ = {isa = PBXFileReference; lastKnownFileType = image.png; path = "Icon-60@3x.png"; sourceTree = "<group>"; };
		97FB71BC1CB46E5500ED7335 /* Icon-76.png */ = {isa = PBXFileReference; lastKnownFileType = image.png; path = "Icon-76.png"; sourceTree = "<group>"; };
		97FB71BD1CB46E5500ED7335 /* Icon-76@2x.png */ = {isa = PBXFileReference; lastKnownFileType = image.png; path = "Icon-76@2x.png"; sourceTree = "<group>"; };
		97FB71BE1CB46E5500ED7335 /* Icon-83.5@2x.png */ = {isa = PBXFileReference; lastKnownFileType = image.png; path = "Icon-83.5@2x.png"; sourceTree = "<group>"; };
		97FB71BF1CB46E5500ED7335 /* Icon-Small.png */ = {isa = PBXFileReference; lastKnownFileType = image.png; path = "Icon-Small.png"; sourceTree = "<group>"; };
		97FB71C01CB46E5500ED7335 /* Icon-Small@2x.png */ = {isa = PBXFileReference; lastKnownFileType = image.png; path = "Icon-Small@2x.png"; sourceTree = "<group>"; };
		97FB71C11CB46E5500ED7335 /* Icon-Small@3x.png */ = {isa = PBXFileReference; lastKnownFileType = image.png; path = "Icon-Small@3x.png"; sourceTree = "<group>"; };
		97FB71C21CB46E5500ED7335 /* Icon-60.png */ = {isa = PBXFileReference; lastKnownFileType = image.png; path = "Icon-60.png"; sourceTree = "<group>"; };
		97FB71C31CB46E5500ED7335 /* Icon-72.png */ = {isa = PBXFileReference; lastKnownFileType = image.png; path = "Icon-72.png"; sourceTree = "<group>"; };
		97FB71C41CB46E5500ED7335 /* Icon-72@2x.png */ = {isa = PBXFileReference; lastKnownFileType = image.png; path = "Icon-72@2x.png"; sourceTree = "<group>"; };
		97FB71C51CB46E5500ED7335 /* Icon-Small-50.png */ = {isa = PBXFileReference; lastKnownFileType = image.png; path = "Icon-Small-50.png"; sourceTree = "<group>"; };
		97FB71C61CB46E5500ED7335 /* Icon-Small-50@2x.png */ = {isa = PBXFileReference; lastKnownFileType = image.png; path = "Icon-Small-50@2x.png"; sourceTree = "<group>"; };
		97FB71C71CB46E5500ED7335 /* Icon.png */ = {isa = PBXFileReference; lastKnownFileType = image.png; path = Icon.png; sourceTree = "<group>"; };
		97FB71C81CB46E5500ED7335 /* Icon@2x.png */ = {isa = PBXFileReference; lastKnownFileType = image.png; path = "Icon@2x.png"; sourceTree = "<group>"; };
		97FB71C91CB46E5500ED7335 /* iTunesArtwork.png */ = {isa = PBXFileReference; lastKnownFileType = image.png; path = iTunesArtwork.png; sourceTree = "<group>"; };
		97FB71CA1CB46E5500ED7335 /* iTunesArtwork@2x.png */ = {isa = PBXFileReference; lastKnownFileType = image.png; path = "iTunesArtwork@2x.png"; sourceTree = "<group>"; };
		97FB71CB1CB46E5500ED7335 /* README.md */ = {isa = PBXFileReference; fileEncoding = 4; lastKnownFileType = net.daringfireball.markdown; path = README.md; sourceTree = "<group>"; };
/* End PBXFileReference section */

/* Begin PBXFrameworksBuildPhase section */
		7BD291B31BEE5F0F006BB075 /* Frameworks */ = {
			isa = PBXFrameworksBuildPhase;
			buildActionMask = 2147483647;
			files = (
				972707361CB41EC6001583C8 /* Firebase.framework in Frameworks */,
				7B602F0F1C4ADBCC003D3E52 /* CoreBluetooth.framework in Frameworks */,
				7BD291F01BEE601F006BB075 /* libsqlite3.dylib in Frameworks */,
				7BD291EE1BEE600E006BB075 /* SystemConfiguration.framework in Frameworks */,
				7BD291EC1BEE6001006BB075 /* StoreKit.framework in Frameworks */,
				7BD291EA1BEE5FFA006BB075 /* Security.framework in Frameworks */,
				7BD291E81BEE5FCA006BB075 /* QuartzCore.framework in Frameworks */,
				7BD291E61BEE5FC2006BB075 /* MobileCoreServices.framework in Frameworks */,
				7BD291E41BEE5FBB006BB075 /* libz.dylib in Frameworks */,
				7BD291E21BEE5FB2006BB075 /* CoreLocation.framework in Frameworks */,
				7BD291E01BEE5FAD006BB075 /* CoreGraphics.framework in Frameworks */,
				7BD291DE1BEE5FA6006BB075 /* CFNetwork.framework in Frameworks */,
				7BD291DC1BEE5F4F006BB075 /* AudioToolbox.framework in Frameworks */,
				10AC00DE8E3F9AE8E47F6AA8 /* Pods_VR_Monitoring.framework in Frameworks */,
				9727072D1CB41EB7001583C8 /* PKHUD.framework in Frameworks */,
				972707311CB41EBB001583C8 /* ResearchKit.framework in Frameworks */,
			);
			runOnlyForDeploymentPostprocessing = 0;
		};
		7BD291C81BEE5F0F006BB075 /* Frameworks */ = {
			isa = PBXFrameworksBuildPhase;
			buildActionMask = 2147483647;
			files = (
			);
			runOnlyForDeploymentPostprocessing = 0;
		};
/* End PBXFrameworksBuildPhase section */

/* Begin PBXGroup section */
		2366D288E47474BA8300A1F8 /* Frameworks */ = {
			isa = PBXGroup;
			children = (
				972707351CB41EC6001583C8 /* Firebase.framework */,
				0847791B12BCD63F5CB1ABB3 /* Pods_VR_Monitoring.framework */,
			);
			name = Frameworks;
			sourceTree = "<group>";
		};
		52D4922701595BE6F2F579AD /* Pods */ = {
			isa = PBXGroup;
			children = (
				091E96F26D5B009629D2B64A /* Pods-VR_Monitoring.debug.xcconfig */,
				4B901D69C8EFDC59B6932D08 /* Pods-VR_Monitoring.release.xcconfig */,
			);
			name = Pods;
			sourceTree = "<group>";
		};
		7BD291AD1BEE5F0F006BB075 = {
			isa = PBXGroup;
			children = (
				97FB71A51CB46E5500ED7335 /* icon */,
				972707241CB41EA9001583C8 /* PKHUD.xcodeproj */,
				972707081CB41E80001583C8 /* ResearchKit.xcodeproj */,
				7B602F0E1C4ADBCC003D3E52 /* CoreBluetooth.framework */,
				7BD292001BEE6063006BB075 /* Parse-VR.m */,
				7BD291EF1BEE601F006BB075 /* libsqlite3.dylib */,
				7BD291ED1BEE600E006BB075 /* SystemConfiguration.framework */,
				7BD291EB1BEE6001006BB075 /* StoreKit.framework */,
				7BD291E91BEE5FFA006BB075 /* Security.framework */,
				7BD291E71BEE5FCA006BB075 /* QuartzCore.framework */,
				7BD291E51BEE5FC2006BB075 /* MobileCoreServices.framework */,
				7BD291E31BEE5FBB006BB075 /* libz.dylib */,
				7BD291E11BEE5FB2006BB075 /* CoreLocation.framework */,
				7BD291DF1BEE5FAD006BB075 /* CoreGraphics.framework */,
				7BD291DD1BEE5FA6006BB075 /* CFNetwork.framework */,
				7BD291DB1BEE5F4F006BB075 /* AudioToolbox.framework */,
				7BD291B81BEE5F0F006BB075 /* VR_Monitoring */,
				7BD291CE1BEE5F0F006BB075 /* VR_MonitoringTests */,
				7BD291B71BEE5F0F006BB075 /* Products */,
				7BD291FF1BEE6062006BB075 /* VR_Monitoring-Bridging-Header.h */,
				52D4922701595BE6F2F579AD /* Pods */,
				2366D288E47474BA8300A1F8 /* Frameworks */,
			);
			sourceTree = "<group>";
		};
		7BD291B71BEE5F0F006BB075 /* Products */ = {
			isa = PBXGroup;
			children = (
				7BD291B61BEE5F0F006BB075 /* VR_Monitoring.app */,
				7BD291CB1BEE5F0F006BB075 /* VR_MonitoringTests.xctest */,
			);
			name = Products;
			sourceTree = "<group>";
		};
		7BD291B81BEE5F0F006BB075 /* VR_Monitoring */ = {
			isa = PBXGroup;
			children = (
				97CE90F11CB051AA0007D9F5 /* GlobalVariables.swift */,
				7BD291BB1BEE5F0F006BB075 /* AppDelegate.swift */,
				7BD291BD1BEE5F0F006BB075 /* ViewController.swift */,
				7BD292021BF92243006BB075 /* LoginViewController.swift */,
				7B5447B11C190DE2008603D4 /* passwordSavedViewController.swift */,
				7BD291BF1BEE5F0F006BB075 /* Main.storyboard */,
				7B48156D1C99AD96008FF30A /* MainTabBar.swift */,
				7B5447B91C192F07008603D4 /* timerViewController.swift */,
				7B5447B31C191940008603D4 /* exercisesViewController.swift */,
				7B5447B51C191991008603D4 /* exercisesTableView.swift */,
				7B5447B71C1919AD008603D4 /* exerciseTableViewCell.swift */,
				7BD291C21BEE5F0F006BB075 /* Images.xcassets */,
				7BD291C41BEE5F0F006BB075 /* LaunchScreen.xib */,
				7BD291B91BEE5F0F006BB075 /* Supporting Files */,
				7BE73A201C8227AA00F7A80C /* SurveyTask.swift */,
				7B4815771C99B4D5008FF30A /* ProgressViewController.swift */,
				7B4815791C99B563008FF30A /* MessagingViewController.swift */,
			);
			path = VR_Monitoring;
			sourceTree = "<group>";
		};
		7BD291B91BEE5F0F006BB075 /* Supporting Files */ = {
			isa = PBXGroup;
			children = (
				979EA3BE1C9DC7EC000257EF /* Bar Chart Filled-35.png */,
				979EA3BF1C9DC7EC000257EF /* bg2.png */,
				979EA3C01C9DC7EC000257EF /* Running-35.png */,
				979EA3C11C9DC7EC000257EF /* Speech Bubble-35.png */,
				7BD291BA1BEE5F0F006BB075 /* Info.plist */,
			);
			name = "Supporting Files";
			sourceTree = "<group>";
		};
		7BD291CE1BEE5F0F006BB075 /* VR_MonitoringTests */ = {
			isa = PBXGroup;
			children = (
				7BD291D11BEE5F0F006BB075 /* VR_MonitoringTests.swift */,
				7BD291CF1BEE5F0F006BB075 /* Supporting Files */,
			);
			path = VR_MonitoringTests;
			sourceTree = "<group>";
		};
		7BD291CF1BEE5F0F006BB075 /* Supporting Files */ = {
			isa = PBXGroup;
			children = (
				7BD291D01BEE5F0F006BB075 /* Info.plist */,
			);
			name = "Supporting Files";
			sourceTree = "<group>";
		};
		972707091CB41E80001583C8 /* Products */ = {
			isa = PBXGroup;
			children = (
				9727070F1CB41E80001583C8 /* ResearchKit.framework */,
				972707111CB41E80001583C8 /* ResearchKitTests.xctest */,
			);
			name = Products;
			sourceTree = "<group>";
		};
		972707251CB41EA9001583C8 /* Products */ = {
			isa = PBXGroup;
			children = (
				9727072A1CB41EAA001583C8 /* PKHUD Demo.app */,
				9727072C1CB41EAA001583C8 /* PKHUD.framework */,
			);
			name = Products;
			sourceTree = "<group>";
		};
		97FB71A51CB46E5500ED7335 /* icon */ = {
			isa = PBXGroup;
			children = (
				97FB71B41CB46E5500ED7335 /* ios */,
			);
			path = icon;
			sourceTree = "<group>";
		};
		97FB71B41CB46E5500ED7335 /* ios */ = {
			isa = PBXGroup;
			children = (
				97FB71B51CB46E5500ED7335 /* AppIcon.appiconset */,
				97FB71C21CB46E5500ED7335 /* Icon-60.png */,
				97FB71C31CB46E5500ED7335 /* Icon-72.png */,
				97FB71C41CB46E5500ED7335 /* Icon-72@2x.png */,
				97FB71C51CB46E5500ED7335 /* Icon-Small-50.png */,
				97FB71C61CB46E5500ED7335 /* Icon-Small-50@2x.png */,
				97FB71C71CB46E5500ED7335 /* Icon.png */,
				97FB71C81CB46E5500ED7335 /* Icon@2x.png */,
				97FB71C91CB46E5500ED7335 /* iTunesArtwork.png */,
				97FB71CA1CB46E5500ED7335 /* iTunesArtwork@2x.png */,
				97FB71CB1CB46E5500ED7335 /* README.md */,
			);
			path = ios;
			sourceTree = "<group>";
		};
		97FB71B51CB46E5500ED7335 /* AppIcon.appiconset */ = {
			isa = PBXGroup;
			children = (
				97FB71B61CB46E5500ED7335 /* Contents.json */,
				97FB71B71CB46E5500ED7335 /* Icon-40.png */,
				97FB71B81CB46E5500ED7335 /* Icon-40@2x.png */,
				97FB71B91CB46E5500ED7335 /* Icon-40@3x.png */,
				97FB71BA1CB46E5500ED7335 /* Icon-60@2x.png */,
				97FB71BB1CB46E5500ED7335 /* Icon-60@3x.png */,
				97FB71BC1CB46E5500ED7335 /* Icon-76.png */,
				97FB71BD1CB46E5500ED7335 /* Icon-76@2x.png */,
				97FB71BE1CB46E5500ED7335 /* Icon-83.5@2x.png */,
				97FB71BF1CB46E5500ED7335 /* Icon-Small.png */,
				97FB71C01CB46E5500ED7335 /* Icon-Small@2x.png */,
				97FB71C11CB46E5500ED7335 /* Icon-Small@3x.png */,
			);
			path = AppIcon.appiconset;
			sourceTree = "<group>";
		};
/* End PBXGroup section */

/* Begin PBXNativeTarget section */
		7BD291B51BEE5F0F006BB075 /* VR_Monitoring */ = {
			isa = PBXNativeTarget;
			buildConfigurationList = 7BD291D51BEE5F0F006BB075 /* Build configuration list for PBXNativeTarget "VR_Monitoring" */;
			buildPhases = (
				FB18EB299728EEFB3619D35A /* Check Pods Manifest.lock */,
				7BD291B21BEE5F0F006BB075 /* Sources */,
				7BD291B31BEE5F0F006BB075 /* Frameworks */,
				7BD291B41BEE5F0F006BB075 /* Resources */,
				52961329B577A16E893D61A0 /* Embed Pods Frameworks */,
				B0878AC959D5F226B161A150 /* Copy Pods Resources */,
				7BE73A1F1C8226CB00F7A80C /* Embed Frameworks */,
			);
			buildRules = (
			);
			dependencies = (
				972707301CB41EB7001583C8 /* PBXTargetDependency */,
				972707341CB41EBB001583C8 /* PBXTargetDependency */,
			);
			name = VR_Monitoring;
			productName = VR_Monitoring;
			productReference = 7BD291B61BEE5F0F006BB075 /* VR_Monitoring.app */;
			productType = "com.apple.product-type.application";
		};
		7BD291CA1BEE5F0F006BB075 /* VR_MonitoringTests */ = {
			isa = PBXNativeTarget;
			buildConfigurationList = 7BD291D81BEE5F0F006BB075 /* Build configuration list for PBXNativeTarget "VR_MonitoringTests" */;
			buildPhases = (
				7BD291C71BEE5F0F006BB075 /* Sources */,
				7BD291C81BEE5F0F006BB075 /* Frameworks */,
				7BD291C91BEE5F0F006BB075 /* Resources */,
			);
			buildRules = (
			);
			dependencies = (
				7BD291CD1BEE5F0F006BB075 /* PBXTargetDependency */,
			);
			name = VR_MonitoringTests;
			productName = VR_MonitoringTests;
			productReference = 7BD291CB1BEE5F0F006BB075 /* VR_MonitoringTests.xctest */;
			productType = "com.apple.product-type.bundle.unit-test";
		};
/* End PBXNativeTarget section */

/* Begin PBXProject section */
		7BD291AE1BEE5F0F006BB075 /* Project object */ = {
			isa = PBXProject;
			attributes = {
				LastSwiftMigration = 0720;
				LastSwiftUpdateCheck = 0720;
				LastUpgradeCheck = 0720;
				ORGANIZATIONNAME = "NU Enabling Engineering";
				TargetAttributes = {
					7BD291B51BEE5F0F006BB075 = {
						CreatedOnToolsVersion = 6.4;
						DevelopmentTeam = B6V3A9ZNJX;
					};
					7BD291CA1BEE5F0F006BB075 = {
						CreatedOnToolsVersion = 6.4;
						TestTargetID = 7BD291B51BEE5F0F006BB075;
					};
				};
			};
			buildConfigurationList = 7BD291B11BEE5F0F006BB075 /* Build configuration list for PBXProject "VR_Monitoring" */;
			compatibilityVersion = "Xcode 3.2";
			developmentRegion = English;
			hasScannedForEncodings = 0;
			knownRegions = (
				en,
				Base,
			);
			mainGroup = 7BD291AD1BEE5F0F006BB075;
			productRefGroup = 7BD291B71BEE5F0F006BB075 /* Products */;
			projectDirPath = "";
			projectReferences = (
				{
					ProductGroup = 972707251CB41EA9001583C8 /* Products */;
					ProjectRef = 972707241CB41EA9001583C8 /* PKHUD.xcodeproj */;
				},
				{
					ProductGroup = 972707091CB41E80001583C8 /* Products */;
					ProjectRef = 972707081CB41E80001583C8 /* ResearchKit.xcodeproj */;
				},
			);
			projectRoot = "";
			targets = (
				7BD291B51BEE5F0F006BB075 /* VR_Monitoring */,
				7BD291CA1BEE5F0F006BB075 /* VR_MonitoringTests */,
			);
		};
/* End PBXProject section */

/* Begin PBXReferenceProxy section */
		9727070F1CB41E80001583C8 /* ResearchKit.framework */ = {
			isa = PBXReferenceProxy;
			fileType = wrapper.framework;
			path = ResearchKit.framework;
			remoteRef = 9727070E1CB41E80001583C8 /* PBXContainerItemProxy */;
			sourceTree = BUILT_PRODUCTS_DIR;
		};
		972707111CB41E80001583C8 /* ResearchKitTests.xctest */ = {
			isa = PBXReferenceProxy;
			fileType = wrapper.cfbundle;
			path = ResearchKitTests.xctest;
			remoteRef = 972707101CB41E80001583C8 /* PBXContainerItemProxy */;
			sourceTree = BUILT_PRODUCTS_DIR;
		};
		9727072A1CB41EAA001583C8 /* PKHUD Demo.app */ = {
			isa = PBXReferenceProxy;
			fileType = wrapper.application;
			path = "PKHUD Demo.app";
			remoteRef = 972707291CB41EAA001583C8 /* PBXContainerItemProxy */;
			sourceTree = BUILT_PRODUCTS_DIR;
		};
		9727072C1CB41EAA001583C8 /* PKHUD.framework */ = {
			isa = PBXReferenceProxy;
			fileType = wrapper.framework;
			path = PKHUD.framework;
			remoteRef = 9727072B1CB41EAA001583C8 /* PBXContainerItemProxy */;
			sourceTree = BUILT_PRODUCTS_DIR;
		};
/* End PBXReferenceProxy section */

/* Begin PBXResourcesBuildPhase section */
		7BD291B41BEE5F0F006BB075 /* Resources */ = {
			isa = PBXResourcesBuildPhase;
			buildActionMask = 2147483647;
			files = (
				97FB71D51CB46E5500ED7335 /* Icon-40@2x.png in Resources */,
				979EA3C51C9DC7EC000257EF /* Speech Bubble-35.png in Resources */,
				97FB71E41CB46E5500ED7335 /* Icon.png in Resources */,
				97FB71D61CB46E5500ED7335 /* Icon-40@3x.png in Resources */,
				97FB71E01CB46E5500ED7335 /* Icon-72.png in Resources */,
				979EA3C31C9DC7EC000257EF /* bg2.png in Resources */,
				97FB71D31CB46E5500ED7335 /* Contents.json in Resources */,
				97FB71DC1CB46E5500ED7335 /* Icon-Small.png in Resources */,
				7BD291C11BEE5F0F006BB075 /* Main.storyboard in Resources */,
				7BD291C61BEE5F0F006BB075 /* LaunchScreen.xib in Resources */,
				97FB71D41CB46E5500ED7335 /* Icon-40.png in Resources */,
				979EA3C21C9DC7EC000257EF /* Bar Chart Filled-35.png in Resources */,
				7BD291C31BEE5F0F006BB075 /* Images.xcassets in Resources */,
				97FB71E71CB46E5500ED7335 /* iTunesArtwork@2x.png in Resources */,
				97FB71E51CB46E5500ED7335 /* Icon@2x.png in Resources */,
				97FB71DF1CB46E5500ED7335 /* Icon-60.png in Resources */,
				97FB71E61CB46E5500ED7335 /* iTunesArtwork.png in Resources */,
				97FB71DE1CB46E5500ED7335 /* Icon-Small@3x.png in Resources */,
				97FB71E11CB46E5500ED7335 /* Icon-72@2x.png in Resources */,
				979EA3C41C9DC7EC000257EF /* Running-35.png in Resources */,
				97FB71DA1CB46E5500ED7335 /* Icon-76@2x.png in Resources */,
				97FB71D81CB46E5500ED7335 /* Icon-60@3x.png in Resources */,
				97FB71DB1CB46E5500ED7335 /* Icon-83.5@2x.png in Resources */,
				97FB71D91CB46E5500ED7335 /* Icon-76.png in Resources */,
				97FB71D71CB46E5500ED7335 /* Icon-60@2x.png in Resources */,
				97FB71E31CB46E5500ED7335 /* Icon-Small-50@2x.png in Resources */,
				97FB71E21CB46E5500ED7335 /* Icon-Small-50.png in Resources */,
				97FB71DD1CB46E5500ED7335 /* Icon-Small@2x.png in Resources */,
			);
			runOnlyForDeploymentPostprocessing = 0;
		};
		7BD291C91BEE5F0F006BB075 /* Resources */ = {
			isa = PBXResourcesBuildPhase;
			buildActionMask = 2147483647;
			files = (
			);
			runOnlyForDeploymentPostprocessing = 0;
		};
/* End PBXResourcesBuildPhase section */

/* Begin PBXShellScriptBuildPhase section */
		52961329B577A16E893D61A0 /* Embed Pods Frameworks */ = {
			isa = PBXShellScriptBuildPhase;
			buildActionMask = 2147483647;
			files = (
			);
			inputPaths = (
			);
			name = "Embed Pods Frameworks";
			outputPaths = (
			);
			runOnlyForDeploymentPostprocessing = 0;
			shellPath = /bin/sh;
			shellScript = "\"${SRCROOT}/Pods/Target Support Files/Pods-VR_Monitoring/Pods-VR_Monitoring-frameworks.sh\"\n";
			showEnvVarsInLog = 0;
		};
		B0878AC959D5F226B161A150 /* Copy Pods Resources */ = {
			isa = PBXShellScriptBuildPhase;
			buildActionMask = 2147483647;
			files = (
			);
			inputPaths = (
			);
			name = "Copy Pods Resources";
			outputPaths = (
			);
			runOnlyForDeploymentPostprocessing = 0;
			shellPath = /bin/sh;
			shellScript = "\"${SRCROOT}/Pods/Target Support Files/Pods-VR_Monitoring/Pods-VR_Monitoring-resources.sh\"\n";
			showEnvVarsInLog = 0;
		};
		FB18EB299728EEFB3619D35A /* Check Pods Manifest.lock */ = {
			isa = PBXShellScriptBuildPhase;
			buildActionMask = 2147483647;
			files = (
			);
			inputPaths = (
			);
			name = "Check Pods Manifest.lock";
			outputPaths = (
			);
			runOnlyForDeploymentPostprocessing = 0;
			shellPath = /bin/sh;
			shellScript = "diff \"${PODS_ROOT}/../Podfile.lock\" \"${PODS_ROOT}/Manifest.lock\" > /dev/null\nif [[ $? != 0 ]] ; then\n    cat << EOM\nerror: The sandbox is not in sync with the Podfile.lock. Run 'pod install' or update your CocoaPods installation.\nEOM\n    exit 1\nfi\n";
			showEnvVarsInLog = 0;
		};
/* End PBXShellScriptBuildPhase section */

/* Begin PBXSourcesBuildPhase section */
		7BD291B21BEE5F0F006BB075 /* Sources */ = {
			isa = PBXSourcesBuildPhase;
			buildActionMask = 2147483647;
			files = (
				7B5447BA1C192F07008603D4 /* timerViewController.swift in Sources */,
				7BD292031BF92243006BB075 /* LoginViewController.swift in Sources */,
				7B5447B81C1919AD008603D4 /* exerciseTableViewCell.swift in Sources */,
				7B48157A1C99B563008FF30A /* MessagingViewController.swift in Sources */,
				97CE90F21CB051AA0007D9F5 /* GlobalVariables.swift in Sources */,
				7B4815781C99B4D5008FF30A /* ProgressViewController.swift in Sources */,
				7BD291BE1BEE5F0F006BB075 /* ViewController.swift in Sources */,
				7B48156E1C99AD96008FF30A /* MainTabBar.swift in Sources */,
				7BD292011BEE6063006BB075 /* Parse-VR.m in Sources */,
				7B5447B21C190DE2008603D4 /* passwordSavedViewController.swift in Sources */,
				7BE73A211C8227AA00F7A80C /* SurveyTask.swift in Sources */,
				7B5447B61C191991008603D4 /* exercisesTableView.swift in Sources */,
				97FB71E81CB46E5500ED7335 /* README.md in Sources */,
				7B5447B41C191940008603D4 /* exercisesViewController.swift in Sources */,
				7BD291BC1BEE5F0F006BB075 /* AppDelegate.swift in Sources */,
			);
			runOnlyForDeploymentPostprocessing = 0;
		};
		7BD291C71BEE5F0F006BB075 /* Sources */ = {
			isa = PBXSourcesBuildPhase;
			buildActionMask = 2147483647;
			files = (
				7BD291D21BEE5F0F006BB075 /* VR_MonitoringTests.swift in Sources */,
			);
			runOnlyForDeploymentPostprocessing = 0;
		};
/* End PBXSourcesBuildPhase section */

/* Begin PBXTargetDependency section */
		7BD291CD1BEE5F0F006BB075 /* PBXTargetDependency */ = {
			isa = PBXTargetDependency;
			target = 7BD291B51BEE5F0F006BB075 /* VR_Monitoring */;
			targetProxy = 7BD291CC1BEE5F0F006BB075 /* PBXContainerItemProxy */;
		};
		972707301CB41EB7001583C8 /* PBXTargetDependency */ = {
			isa = PBXTargetDependency;
			name = PKHUD;
			targetProxy = 9727072F1CB41EB7001583C8 /* PBXContainerItemProxy */;
		};
		972707341CB41EBB001583C8 /* PBXTargetDependency */ = {
			isa = PBXTargetDependency;
			name = ResearchKit;
			targetProxy = 972707331CB41EBB001583C8 /* PBXContainerItemProxy */;
		};
/* End PBXTargetDependency section */

/* Begin PBXVariantGroup section */
		7BD291BF1BEE5F0F006BB075 /* Main.storyboard */ = {
			isa = PBXVariantGroup;
			children = (
				7BD291C01BEE5F0F006BB075 /* Base */,
			);
			name = Main.storyboard;
			sourceTree = "<group>";
		};
		7BD291C41BEE5F0F006BB075 /* LaunchScreen.xib */ = {
			isa = PBXVariantGroup;
			children = (
				7BD291C51BEE5F0F006BB075 /* Base */,
			);
			name = LaunchScreen.xib;
			sourceTree = "<group>";
		};
/* End PBXVariantGroup section */

/* Begin XCBuildConfiguration section */
		7BD291D31BEE5F0F006BB075 /* Debug */ = {
			isa = XCBuildConfiguration;
			buildSettings = {
				ALWAYS_SEARCH_USER_PATHS = NO;
				CLANG_CXX_LANGUAGE_STANDARD = "gnu++0x";
				CLANG_CXX_LIBRARY = "libc++";
				CLANG_ENABLE_MODULES = YES;
				CLANG_ENABLE_OBJC_ARC = YES;
				CLANG_WARN_BOOL_CONVERSION = YES;
				CLANG_WARN_CONSTANT_CONVERSION = YES;
				CLANG_WARN_DIRECT_OBJC_ISA_USAGE = YES_ERROR;
				CLANG_WARN_EMPTY_BODY = YES;
				CLANG_WARN_ENUM_CONVERSION = YES;
				CLANG_WARN_INT_CONVERSION = YES;
				CLANG_WARN_OBJC_ROOT_CLASS = YES_ERROR;
				CLANG_WARN_UNREACHABLE_CODE = YES;
				CLANG_WARN__DUPLICATE_METHOD_MATCH = YES;
				"CODE_SIGN_IDENTITY[sdk=iphoneos*]" = "iPhone Developer";
				COPY_PHASE_STRIP = NO;
				DEBUG_INFORMATION_FORMAT = "dwarf-with-dsym";
				ENABLE_STRICT_OBJC_MSGSEND = YES;
				ENABLE_TESTABILITY = YES;
				GCC_C_LANGUAGE_STANDARD = gnu99;
				GCC_DYNAMIC_NO_PIC = NO;
				GCC_NO_COMMON_BLOCKS = YES;
				GCC_OPTIMIZATION_LEVEL = 0;
				GCC_PREPROCESSOR_DEFINITIONS = (
					"DEBUG=1",
					"$(inherited)",
				);
				GCC_SYMBOLS_PRIVATE_EXTERN = NO;
				GCC_WARN_64_TO_32_BIT_CONVERSION = YES;
				GCC_WARN_ABOUT_RETURN_TYPE = YES_ERROR;
				GCC_WARN_UNDECLARED_SELECTOR = YES;
				GCC_WARN_UNINITIALIZED_AUTOS = YES_AGGRESSIVE;
				GCC_WARN_UNUSED_FUNCTION = YES;
				GCC_WARN_UNUSED_VARIABLE = YES;
				IPHONEOS_DEPLOYMENT_TARGET = 8.4;
				MTL_ENABLE_DEBUG_INFO = YES;
				ONLY_ACTIVE_ARCH = YES;
				SDKROOT = iphoneos;
				SWIFT_OPTIMIZATION_LEVEL = "-Onone";
				TARGETED_DEVICE_FAMILY = "1,2";
			};
			name = Debug;
		};
		7BD291D41BEE5F0F006BB075 /* Release */ = {
			isa = XCBuildConfiguration;
			buildSettings = {
				ALWAYS_SEARCH_USER_PATHS = NO;
				CLANG_CXX_LANGUAGE_STANDARD = "gnu++0x";
				CLANG_CXX_LIBRARY = "libc++";
				CLANG_ENABLE_MODULES = YES;
				CLANG_ENABLE_OBJC_ARC = YES;
				CLANG_WARN_BOOL_CONVERSION = YES;
				CLANG_WARN_CONSTANT_CONVERSION = YES;
				CLANG_WARN_DIRECT_OBJC_ISA_USAGE = YES_ERROR;
				CLANG_WARN_EMPTY_BODY = YES;
				CLANG_WARN_ENUM_CONVERSION = YES;
				CLANG_WARN_INT_CONVERSION = YES;
				CLANG_WARN_OBJC_ROOT_CLASS = YES_ERROR;
				CLANG_WARN_UNREACHABLE_CODE = YES;
				CLANG_WARN__DUPLICATE_METHOD_MATCH = YES;
				"CODE_SIGN_IDENTITY[sdk=iphoneos*]" = "iPhone Developer";
				COPY_PHASE_STRIP = NO;
				DEBUG_INFORMATION_FORMAT = "dwarf-with-dsym";
				ENABLE_NS_ASSERTIONS = NO;
				ENABLE_STRICT_OBJC_MSGSEND = YES;
				GCC_C_LANGUAGE_STANDARD = gnu99;
				GCC_NO_COMMON_BLOCKS = YES;
				GCC_WARN_64_TO_32_BIT_CONVERSION = YES;
				GCC_WARN_ABOUT_RETURN_TYPE = YES_ERROR;
				GCC_WARN_UNDECLARED_SELECTOR = YES;
				GCC_WARN_UNINITIALIZED_AUTOS = YES_AGGRESSIVE;
				GCC_WARN_UNUSED_FUNCTION = YES;
				GCC_WARN_UNUSED_VARIABLE = YES;
				IPHONEOS_DEPLOYMENT_TARGET = 8.4;
				MTL_ENABLE_DEBUG_INFO = NO;
				SDKROOT = iphoneos;
				TARGETED_DEVICE_FAMILY = "1,2";
				VALIDATE_PRODUCT = YES;
			};
			name = Release;
		};
		7BD291D61BEE5F0F006BB075 /* Debug */ = {
			isa = XCBuildConfiguration;
			baseConfigurationReference = 091E96F26D5B009629D2B64A /* Pods-VR_Monitoring.debug.xcconfig */;
			buildSettings = {
				ASSETCATALOG_COMPILER_APPICON_NAME = AppIcon;
				CLANG_ENABLE_MODULES = YES;
				CODE_SIGN_IDENTITY = "iPhone Developer";
				"CODE_SIGN_IDENTITY[sdk=iphoneos*]" = "iPhone Developer";
				EMBEDDED_CONTENT_CONTAINS_SWIFT = YES;
				FRAMEWORK_SEARCH_PATHS = (
					"$(inherited)",
					"/Users/saradasymonds/Downloads/parse-library-1.9.1",
					/Users/saradasymonds/Documents/Projects/VR_monitoring/VR_Monitoring/Pods/Firebase,
					"$(PROJECT_DIR)/build/Debug-iphoneos",
				);
				INFOPLIST_FILE = VR_Monitoring/Info.plist;
				LD_RUNPATH_SEARCH_PATHS = "$(inherited) @executable_path/Frameworks";
				ONLY_ACTIVE_ARCH = YES;
				PRODUCT_BUNDLE_IDENTIFIER = "nuenablingengineering.$(PRODUCT_NAME:rfc1034identifier)";
				PRODUCT_NAME = "$(TARGET_NAME)";
				PROVISIONING_PROFILE = "";
				SDKROOT = iphoneos;
				SWIFT_OBJC_BRIDGING_HEADER = "VR_Monitoring-Bridging-Header.h";
				SWIFT_OPTIMIZATION_LEVEL = "-Onone";
			};
			name = Debug;
		};
		7BD291D71BEE5F0F006BB075 /* Release */ = {
			isa = XCBuildConfiguration;
			baseConfigurationReference = 4B901D69C8EFDC59B6932D08 /* Pods-VR_Monitoring.release.xcconfig */;
			buildSettings = {
				ASSETCATALOG_COMPILER_APPICON_NAME = AppIcon;
				CLANG_ENABLE_MODULES = YES;
				CODE_SIGN_IDENTITY = "iPhone Developer";
				"CODE_SIGN_IDENTITY[sdk=iphoneos*]" = "iPhone Developer";
				EMBEDDED_CONTENT_CONTAINS_SWIFT = YES;
				FRAMEWORK_SEARCH_PATHS = (
					"$(inherited)",
					"/Users/saradasymonds/Downloads/parse-library-1.9.1",
					/Users/saradasymonds/Documents/Projects/VR_monitoring/VR_Monitoring/Pods/Firebase,
					"$(PROJECT_DIR)/build/Debug-iphoneos",
				);
				INFOPLIST_FILE = VR_Monitoring/Info.plist;
				LD_RUNPATH_SEARCH_PATHS = "$(inherited) @executable_path/Frameworks";
				ONLY_ACTIVE_ARCH = YES;
				PRODUCT_BUNDLE_IDENTIFIER = "nuenablingengineering.$(PRODUCT_NAME:rfc1034identifier)";
				PRODUCT_NAME = "$(TARGET_NAME)";
				PROVISIONING_PROFILE = "";
				SDKROOT = iphoneos;
				SWIFT_OBJC_BRIDGING_HEADER = "VR_Monitoring-Bridging-Header.h";
			};
			name = Release;
		};
		7BD291D91BEE5F0F006BB075 /* Debug */ = {
			isa = XCBuildConfiguration;
			buildSettings = {
				BUNDLE_LOADER = "$(TEST_HOST)";
				FRAMEWORK_SEARCH_PATHS = (
					"$(SDKROOT)/Developer/Library/Frameworks",
					"$(inherited)",
				);
				GCC_PREPROCESSOR_DEFINITIONS = (
					"DEBUG=1",
					"$(inherited)",
				);
				INFOPLIST_FILE = VR_MonitoringTests/Info.plist;
				LD_RUNPATH_SEARCH_PATHS = "$(inherited) @executable_path/Frameworks @loader_path/Frameworks";
				PRODUCT_BUNDLE_IDENTIFIER = "nuenablingengineering.$(PRODUCT_NAME:rfc1034identifier)";
				PRODUCT_NAME = "$(TARGET_NAME)";
				TEST_HOST = "$(BUILT_PRODUCTS_DIR)/VR_Monitoring.app/VR_Monitoring";
			};
			name = Debug;
		};
		7BD291DA1BEE5F0F006BB075 /* Release */ = {
			isa = XCBuildConfiguration;
			buildSettings = {
				BUNDLE_LOADER = "$(TEST_HOST)";
				FRAMEWORK_SEARCH_PATHS = (
					"$(SDKROOT)/Developer/Library/Frameworks",
					"$(inherited)",
				);
				INFOPLIST_FILE = VR_MonitoringTests/Info.plist;
				LD_RUNPATH_SEARCH_PATHS = "$(inherited) @executable_path/Frameworks @loader_path/Frameworks";
				PRODUCT_BUNDLE_IDENTIFIER = "nuenablingengineering.$(PRODUCT_NAME:rfc1034identifier)";
				PRODUCT_NAME = "$(TARGET_NAME)";
				TEST_HOST = "$(BUILT_PRODUCTS_DIR)/VR_Monitoring.app/VR_Monitoring";
			};
			name = Release;
		};
/* End XCBuildConfiguration section */

/* Begin XCConfigurationList section */
		7BD291B11BEE5F0F006BB075 /* Build configuration list for PBXProject "VR_Monitoring" */ = {
			isa = XCConfigurationList;
			buildConfigurations = (
				7BD291D31BEE5F0F006BB075 /* Debug */,
				7BD291D41BEE5F0F006BB075 /* Release */,
			);
			defaultConfigurationIsVisible = 0;
			defaultConfigurationName = Release;
		};
		7BD291D51BEE5F0F006BB075 /* Build configuration list for PBXNativeTarget "VR_Monitoring" */ = {
			isa = XCConfigurationList;
			buildConfigurations = (
				7BD291D61BEE5F0F006BB075 /* Debug */,
				7BD291D71BEE5F0F006BB075 /* Release */,
			);
			defaultConfigurationIsVisible = 0;
			defaultConfigurationName = Release;
		};
		7BD291D81BEE5F0F006BB075 /* Build configuration list for PBXNativeTarget "VR_MonitoringTests" */ = {
			isa = XCConfigurationList;
			buildConfigurations = (
				7BD291D91BEE5F0F006BB075 /* Debug */,
				7BD291DA1BEE5F0F006BB075 /* Release */,
			);
			defaultConfigurationIsVisible = 0;
			defaultConfigurationName = Release;
		};
/* End XCConfigurationList section */
	};
	rootObject = 7BD291AE1BEE5F0F006BB075 /* Project object */;
}
