// !$*UTF8*$!
{
	archiveVersion = 1;
	classes = {
	};
	objectVersion = 46;
	objects = {

/* Begin PBXBuildFile section */
		7BD291BC1BEE5F0F006BB075 /* AppDelegate.swift in Sources */ = {isa = PBXBuildFile; fileRef = 7BD291BB1BEE5F0F006BB075 /* AppDelegate.swift */; };
		7BD291BE1BEE5F0F006BB075 /* ViewController.swift in Sources */ = {isa = PBXBuildFile; fileRef = 7BD291BD1BEE5F0F006BB075 /* ViewController.swift */; };
		7BD291C11BEE5F0F006BB075 /* Main.storyboard in Resources */ = {isa = PBXBuildFile; fileRef = 7BD291BF1BEE5F0F006BB075 /* Main.storyboard */; };
		7BD291C31BEE5F0F006BB075 /* Images.xcassets in Resources */ = {isa = PBXBuildFile; fileRef = 7BD291C21BEE5F0F006BB075 /* Images.xcassets */; };
		7BD291C61BEE5F0F006BB075 /* LaunchScreen.xib in Resources */ = {isa = PBXBuildFile; fileRef = 7BD291C41BEE5F0F006BB075 /* LaunchScreen.xib */; };
		7BD291D21BEE5F0F006BB075 /* VR_MonitoringTests.swift in Sources */ = {isa = PBXBuildFile; fileRef = 7BD291D11BEE5F0F006BB075 /* VR_MonitoringTests.swift */; };
		7BD291DC1BEE5F4F006BB075 /* AudioToolbox.framework in Frameworks */ = {isa = PBXBuildFile; fileRef = 7BD291DB1BEE5F4F006BB075 /* AudioToolbox.framework */; };
		7BD291DE1BEE5FA6006BB075 /* CFNetwork.framework in Frameworks */ = {isa = PBXBuildFile; fileRef = 7BD291DD1BEE5FA6006BB075 /* CFNetwork.framework */; };
		7BD291E01BEE5FAD006BB075 /* CoreGraphics.framework in Frameworks */ = {isa = PBXBuildFile; fileRef = 7BD291DF1BEE5FAD006BB075 /* CoreGraphics.framework */; };
		7BD291E21BEE5FB2006BB075 /* CoreLocation.framework in Frameworks */ = {isa = PBXBuildFile; fileRef = 7BD291E11BEE5FB2006BB075 /* CoreLocation.framework */; };
		7BD291E41BEE5FBB006BB075 /* libz.dylib in Frameworks */ = {isa = PBXBuildFile; fileRef = 7BD291E31BEE5FBB006BB075 /* libz.dylib */; };
		7BD291E61BEE5FC2006BB075 /* MobileCoreServices.framework in Frameworks */ = {isa = PBXBuildFile; fileRef = 7BD291E51BEE5FC2006BB075 /* MobileCoreServices.framework */; };
		7BD291E81BEE5FCA006BB075 /* QuartzCore.framework in Frameworks */ = {isa = PBXBuildFile; fileRef = 7BD291E71BEE5FCA006BB075 /* QuartzCore.framework */; };
		7BD291EA1BEE5FFA006BB075 /* Security.framework in Frameworks */ = {isa = PBXBuildFile; fileRef = 7BD291E91BEE5FFA006BB075 /* Security.framework */; };
		7BD291EC1BEE6001006BB075 /* StoreKit.framework in Frameworks */ = {isa = PBXBuildFile; fileRef = 7BD291EB1BEE6001006BB075 /* StoreKit.framework */; };
		7BD291EE1BEE600E006BB075 /* SystemConfiguration.framework in Frameworks */ = {isa = PBXBuildFile; fileRef = 7BD291ED1BEE600E006BB075 /* SystemConfiguration.framework */; };
		7BD291F01BEE601F006BB075 /* libsqlite3.dylib in Frameworks */ = {isa = PBXBuildFile; fileRef = 7BD291EF1BEE601F006BB075 /* libsqlite3.dylib */; };
		7BD291F81BEE602F006BB075 /* Bolts.framework in Frameworks */ = {isa = PBXBuildFile; fileRef = 7BD291F11BEE602F006BB075 /* Bolts.framework */; };
		7BD291F91BEE602F006BB075 /* Parse.framework in Frameworks */ = {isa = PBXBuildFile; fileRef = 7BD291F21BEE602F006BB075 /* Parse.framework */; };
		7BD291FA1BEE602F006BB075 /* ParseCrashReporting.framework in Frameworks */ = {isa = PBXBuildFile; fileRef = 7BD291F31BEE602F006BB075 /* ParseCrashReporting.framework */; };
		7BD291FB1BEE602F006BB075 /* ParseFacebookUtils.framework in Frameworks */ = {isa = PBXBuildFile; fileRef = 7BD291F41BEE602F006BB075 /* ParseFacebookUtils.framework */; };
		7BD291FC1BEE602F006BB075 /* ParseFacebookUtilsV4.framework in Frameworks */ = {isa = PBXBuildFile; fileRef = 7BD291F51BEE602F006BB075 /* ParseFacebookUtilsV4.framework */; };
		7BD291FD1BEE602F006BB075 /* ParseTwitterUtils.framework in Frameworks */ = {isa = PBXBuildFile; fileRef = 7BD291F61BEE602F006BB075 /* ParseTwitterUtils.framework */; };
		7BD291FE1BEE602F006BB075 /* ParseUI.framework in Frameworks */ = {isa = PBXBuildFile; fileRef = 7BD291F71BEE602F006BB075 /* ParseUI.framework */; };
		7BD292011BEE6063006BB075 /* Parse-VR.m in Sources */ = {isa = PBXBuildFile; fileRef = 7BD292001BEE6063006BB075 /* Parse-VR.m */; };
		7BD292031BF92243006BB075 /* LoginViewController.swift in Sources */ = {isa = PBXBuildFile; fileRef = 7BD292021BF92243006BB075 /* LoginViewController.swift */; };
/* End PBXBuildFile section */

/* Begin PBXContainerItemProxy section */
		7BD291CC1BEE5F0F006BB075 /* PBXContainerItemProxy */ = {
			isa = PBXContainerItemProxy;
			containerPortal = 7BD291AE1BEE5F0F006BB075 /* Project object */;
			proxyType = 1;
			remoteGlobalIDString = 7BD291B51BEE5F0F006BB075;
			remoteInfo = VR_Monitoring;
		};
/* End PBXContainerItemProxy section */

/* Begin PBXFileReference section */
		7BD291B61BEE5F0F006BB075 /* VR_Monitoring.app */ = {isa = PBXFileReference; explicitFileType = wrapper.application; includeInIndex = 0; path = VR_Monitoring.app; sourceTree = BUILT_PRODUCTS_DIR; };
		7BD291BA1BEE5F0F006BB075 /* Info.plist */ = {isa = PBXFileReference; lastKnownFileType = text.plist.xml; path = Info.plist; sourceTree = "<group>"; };
		7BD291BB1BEE5F0F006BB075 /* AppDelegate.swift */ = {isa = PBXFileReference; lastKnownFileType = sourcecode.swift; path = AppDelegate.swift; sourceTree = "<group>"; };
		7BD291BD1BEE5F0F006BB075 /* ViewController.swift */ = {isa = PBXFileReference; lastKnownFileType = sourcecode.swift; path = ViewController.swift; sourceTree = "<group>"; };
		7BD291C01BEE5F0F006BB075 /* Base */ = {isa = PBXFileReference; lastKnownFileType = file.storyboard; name = Base; path = Base.lproj/Main.storyboard; sourceTree = "<group>"; };
		7BD291C21BEE5F0F006BB075 /* Images.xcassets */ = {isa = PBXFileReference; lastKnownFileType = folder.assetcatalog; path = Images.xcassets; sourceTree = "<group>"; };
		7BD291C51BEE5F0F006BB075 /* Base */ = {isa = PBXFileReference; lastKnownFileType = file.xib; name = Base; path = Base.lproj/LaunchScreen.xib; sourceTree = "<group>"; };
		7BD291CB1BEE5F0F006BB075 /* VR_MonitoringTests.xctest */ = {isa = PBXFileReference; explicitFileType = wrapper.cfbundle; includeInIndex = 0; path = VR_MonitoringTests.xctest; sourceTree = BUILT_PRODUCTS_DIR; };
		7BD291D01BEE5F0F006BB075 /* Info.plist */ = {isa = PBXFileReference; lastKnownFileType = text.plist.xml; path = Info.plist; sourceTree = "<group>"; };
		7BD291D11BEE5F0F006BB075 /* VR_MonitoringTests.swift */ = {isa = PBXFileReference; lastKnownFileType = sourcecode.swift; path = VR_MonitoringTests.swift; sourceTree = "<group>"; };
		7BD291DB1BEE5F4F006BB075 /* AudioToolbox.framework */ = {isa = PBXFileReference; lastKnownFileType = wrapper.framework; name = AudioToolbox.framework; path = System/Library/Frameworks/AudioToolbox.framework; sourceTree = SDKROOT; };
		7BD291DD1BEE5FA6006BB075 /* CFNetwork.framework */ = {isa = PBXFileReference; lastKnownFileType = wrapper.framework; name = CFNetwork.framework; path = System/Library/Frameworks/CFNetwork.framework; sourceTree = SDKROOT; };
		7BD291DF1BEE5FAD006BB075 /* CoreGraphics.framework */ = {isa = PBXFileReference; lastKnownFileType = wrapper.framework; name = CoreGraphics.framework; path = System/Library/Frameworks/CoreGraphics.framework; sourceTree = SDKROOT; };
		7BD291E11BEE5FB2006BB075 /* CoreLocation.framework */ = {isa = PBXFileReference; lastKnownFileType = wrapper.framework; name = CoreLocation.framework; path = System/Library/Frameworks/CoreLocation.framework; sourceTree = SDKROOT; };
		7BD291E31BEE5FBB006BB075 /* libz.dylib */ = {isa = PBXFileReference; lastKnownFileType = "compiled.mach-o.dylib"; name = libz.dylib; path = usr/lib/libz.dylib; sourceTree = SDKROOT; };
		7BD291E51BEE5FC2006BB075 /* MobileCoreServices.framework */ = {isa = PBXFileReference; lastKnownFileType = wrapper.framework; name = MobileCoreServices.framework; path = System/Library/Frameworks/MobileCoreServices.framework; sourceTree = SDKROOT; };
		7BD291E71BEE5FCA006BB075 /* QuartzCore.framework */ = {isa = PBXFileReference; lastKnownFileType = wrapper.framework; name = QuartzCore.framework; path = System/Library/Frameworks/QuartzCore.framework; sourceTree = SDKROOT; };
		7BD291E91BEE5FFA006BB075 /* Security.framework */ = {isa = PBXFileReference; lastKnownFileType = wrapper.framework; name = Security.framework; path = System/Library/Frameworks/Security.framework; sourceTree = SDKROOT; };
		7BD291EB1BEE6001006BB075 /* StoreKit.framework */ = {isa = PBXFileReference; lastKnownFileType = wrapper.framework; name = StoreKit.framework; path = System/Library/Frameworks/StoreKit.framework; sourceTree = SDKROOT; };
		7BD291ED1BEE600E006BB075 /* SystemConfiguration.framework */ = {isa = PBXFileReference; lastKnownFileType = wrapper.framework; name = SystemConfiguration.framework; path = System/Library/Frameworks/SystemConfiguration.framework; sourceTree = SDKROOT; };
		7BD291EF1BEE601F006BB075 /* libsqlite3.dylib */ = {isa = PBXFileReference; lastKnownFileType = "compiled.mach-o.dylib"; name = libsqlite3.dylib; path = usr/lib/libsqlite3.dylib; sourceTree = SDKROOT; };
		7BD291F11BEE602F006BB075 /* Bolts.framework */ = {isa = PBXFileReference; lastKnownFileType = wrapper.framework; name = Bolts.framework; path = "../../../../Downloads/parse-library-1.9.1/Bolts.framework"; sourceTree = "<group>"; };
		7BD291F21BEE602F006BB075 /* Parse.framework */ = {isa = PBXFileReference; lastKnownFileType = wrapper.framework; name = Parse.framework; path = "../../../../Downloads/parse-library-1.9.1/Parse.framework"; sourceTree = "<group>"; };
		7BD291F31BEE602F006BB075 /* ParseCrashReporting.framework */ = {isa = PBXFileReference; lastKnownFileType = wrapper.framework; name = ParseCrashReporting.framework; path = "../../../../Downloads/parse-library-1.9.1/ParseCrashReporting.framework"; sourceTree = "<group>"; };
		7BD291F41BEE602F006BB075 /* ParseFacebookUtils.framework */ = {isa = PBXFileReference; lastKnownFileType = wrapper.framework; name = ParseFacebookUtils.framework; path = "../../../../Downloads/parse-library-1.9.1/ParseFacebookUtils.framework"; sourceTree = "<group>"; };
		7BD291F51BEE602F006BB075 /* ParseFacebookUtilsV4.framework */ = {isa = PBXFileReference; lastKnownFileType = wrapper.framework; name = ParseFacebookUtilsV4.framework; path = "../../../../Downloads/parse-library-1.9.1/ParseFacebookUtilsV4.framework"; sourceTree = "<group>"; };
		7BD291F61BEE602F006BB075 /* ParseTwitterUtils.framework */ = {isa = PBXFileReference; lastKnownFileType = wrapper.framework; name = ParseTwitterUtils.framework; path = "../../../../Downloads/parse-library-1.9.1/ParseTwitterUtils.framework"; sourceTree = "<group>"; };
		7BD291F71BEE602F006BB075 /* ParseUI.framework */ = {isa = PBXFileReference; lastKnownFileType = wrapper.framework; name = ParseUI.framework; path = "../../../../Downloads/parse-library-1.9.1/ParseUI.framework"; sourceTree = "<group>"; };
		7BD291FF1BEE6062006BB075 /* VR_Monitoring-Bridging-Header.h */ = {isa = PBXFileReference; lastKnownFileType = sourcecode.c.h; path = "VR_Monitoring-Bridging-Header.h"; sourceTree = "<group>"; };
		7BD292001BEE6063006BB075 /* Parse-VR.m */ = {isa = PBXFileReference; fileEncoding = 4; lastKnownFileType = sourcecode.c.objc; path = "Parse-VR.m"; sourceTree = "<group>"; };
		7BD292021BF92243006BB075 /* LoginViewController.swift */ = {isa = PBXFileReference; fileEncoding = 4; lastKnownFileType = sourcecode.swift; path = LoginViewController.swift; sourceTree = "<group>"; };
/* End PBXFileReference section */

/* Begin PBXFrameworksBuildPhase section */
		7BD291B31BEE5F0F006BB075 /* Frameworks */ = {
			isa = PBXFrameworksBuildPhase;
			buildActionMask = 2147483647;
			files = (
				7BD291F01BEE601F006BB075 /* libsqlite3.dylib in Frameworks */,
				7BD291EE1BEE600E006BB075 /* SystemConfiguration.framework in Frameworks */,
				7BD291EC1BEE6001006BB075 /* StoreKit.framework in Frameworks */,
				7BD291EA1BEE5FFA006BB075 /* Security.framework in Frameworks */,
				7BD291E81BEE5FCA006BB075 /* QuartzCore.framework in Frameworks */,
				7BD291E61BEE5FC2006BB075 /* MobileCoreServices.framework in Frameworks */,
				7BD291E41BEE5FBB006BB075 /* libz.dylib in Frameworks */,
				7BD291F81BEE602F006BB075 /* Bolts.framework in Frameworks */,
				7BD291F91BEE602F006BB075 /* Parse.framework in Frameworks */,
				7BD291FA1BEE602F006BB075 /* ParseCrashReporting.framework in Frameworks */,
				7BD291FB1BEE602F006BB075 /* ParseFacebookUtils.framework in Frameworks */,
				7BD291FC1BEE602F006BB075 /* ParseFacebookUtilsV4.framework in Frameworks */,
				7BD291FD1BEE602F006BB075 /* ParseTwitterUtils.framework in Frameworks */,
				7BD291FE1BEE602F006BB075 /* ParseUI.framework in Frameworks */,
				7BD291E21BEE5FB2006BB075 /* CoreLocation.framework in Frameworks */,
				7BD291E01BEE5FAD006BB075 /* CoreGraphics.framework in Frameworks */,
				7BD291DE1BEE5FA6006BB075 /* CFNetwork.framework in Frameworks */,
				7BD291DC1BEE5F4F006BB075 /* AudioToolbox.framework in Frameworks */,
			);
			runOnlyForDeploymentPostprocessing = 0;
		};
		7BD291C81BEE5F0F006BB075 /* Frameworks */ = {
			isa = PBXFrameworksBuildPhase;
			buildActionMask = 2147483647;
			files = (
			);
			runOnlyForDeploymentPostprocessing = 0;
		};
/* End PBXFrameworksBuildPhase section */

/* Begin PBXGroup section */
		7BD291AD1BEE5F0F006BB075 = {
			isa = PBXGroup;
			children = (
				7BD292001BEE6063006BB075 /* Parse-VR.m */,
				7BD291F11BEE602F006BB075 /* Bolts.framework */,
				7BD291F21BEE602F006BB075 /* Parse.framework */,
				7BD291F31BEE602F006BB075 /* ParseCrashReporting.framework */,
				7BD291F41BEE602F006BB075 /* ParseFacebookUtils.framework */,
				7BD291F51BEE602F006BB075 /* ParseFacebookUtilsV4.framework */,
				7BD291F61BEE602F006BB075 /* ParseTwitterUtils.framework */,
				7BD291F71BEE602F006BB075 /* ParseUI.framework */,
				7BD291EF1BEE601F006BB075 /* libsqlite3.dylib */,
				7BD291ED1BEE600E006BB075 /* SystemConfiguration.framework */,
				7BD291EB1BEE6001006BB075 /* StoreKit.framework */,
				7BD291E91BEE5FFA006BB075 /* Security.framework */,
				7BD291E71BEE5FCA006BB075 /* QuartzCore.framework */,
				7BD291E51BEE5FC2006BB075 /* MobileCoreServices.framework */,
				7BD291E31BEE5FBB006BB075 /* libz.dylib */,
				7BD291E11BEE5FB2006BB075 /* CoreLocation.framework */,
				7BD291DF1BEE5FAD006BB075 /* CoreGraphics.framework */,
				7BD291DD1BEE5FA6006BB075 /* CFNetwork.framework */,
				7BD291DB1BEE5F4F006BB075 /* AudioToolbox.framework */,
				7BD291B81BEE5F0F006BB075 /* VR_Monitoring */,
				7BD291CE1BEE5F0F006BB075 /* VR_MonitoringTests */,
				7BD291B71BEE5F0F006BB075 /* Products */,
				7BD291FF1BEE6062006BB075 /* VR_Monitoring-Bridging-Header.h */,
			);
			sourceTree = "<group>";
		};
		7BD291B71BEE5F0F006BB075 /* Products */ = {
			isa = PBXGroup;
			children = (
				7BD291B61BEE5F0F006BB075 /* VR_Monitoring.app */,
				7BD291CB1BEE5F0F006BB075 /* VR_MonitoringTests.xctest */,
			);
			name = Products;
			sourceTree = "<group>";
		};
		7BD291B81BEE5F0F006BB075 /* VR_Monitoring */ = {
			isa = PBXGroup;
			children = (
				7BD291BB1BEE5F0F006BB075 /* AppDelegate.swift */,
				7BD291BD1BEE5F0F006BB075 /* ViewController.swift */,
				7BD292021BF92243006BB075 /* LoginViewController.swift */,
				7BD291BF1BEE5F0F006BB075 /* Main.storyboard */,
				7BD291C21BEE5F0F006BB075 /* Images.xcassets */,
				7BD291C41BEE5F0F006BB075 /* LaunchScreen.xib */,
				7BD291B91BEE5F0F006BB075 /* Supporting Files */,
			);
			path = VR_Monitoring;
			sourceTree = "<group>";
		};
		7BD291B91BEE5F0F006BB075 /* Supporting Files */ = {
			isa = PBXGroup;
			children = (
				7BD291BA1BEE5F0F006BB075 /* Info.plist */,
			);
			name = "Supporting Files";
			sourceTree = "<group>";
		};
		7BD291CE1BEE5F0F006BB075 /* VR_MonitoringTests */ = {
			isa = PBXGroup;
			children = (
				7BD291D11BEE5F0F006BB075 /* VR_MonitoringTests.swift */,
				7BD291CF1BEE5F0F006BB075 /* Supporting Files */,
			);
			path = VR_MonitoringTests;
			sourceTree = "<group>";
		};
		7BD291CF1BEE5F0F006BB075 /* Supporting Files */ = {
			isa = PBXGroup;
			children = (
				7BD291D01BEE5F0F006BB075 /* Info.plist */,
			);
			name = "Supporting Files";
			sourceTree = "<group>";
		};
/* End PBXGroup section */

/* Begin PBXNativeTarget section */
		7BD291B51BEE5F0F006BB075 /* VR_Monitoring */ = {
			isa = PBXNativeTarget;
			buildConfigurationList = 7BD291D51BEE5F0F006BB075 /* Build configuration list for PBXNativeTarget "VR_Monitoring" */;
			buildPhases = (
				7BD291B21BEE5F0F006BB075 /* Sources */,
				7BD291B31BEE5F0F006BB075 /* Frameworks */,
				7BD291B41BEE5F0F006BB075 /* Resources */,
			);
			buildRules = (
			);
			dependencies = (
			);
			name = VR_Monitoring;
			productName = VR_Monitoring;
			productReference = 7BD291B61BEE5F0F006BB075 /* VR_Monitoring.app */;
			productType = "com.apple.product-type.application";
		};
		7BD291CA1BEE5F0F006BB075 /* VR_MonitoringTests */ = {
			isa = PBXNativeTarget;
			buildConfigurationList = 7BD291D81BEE5F0F006BB075 /* Build configuration list for PBXNativeTarget "VR_MonitoringTests" */;
			buildPhases = (
				7BD291C71BEE5F0F006BB075 /* Sources */,
				7BD291C81BEE5F0F006BB075 /* Frameworks */,
				7BD291C91BEE5F0F006BB075 /* Resources */,
			);
			buildRules = (
			);
			dependencies = (
				7BD291CD1BEE5F0F006BB075 /* PBXTargetDependency */,
			);
			name = VR_MonitoringTests;
			productName = VR_MonitoringTests;
			productReference = 7BD291CB1BEE5F0F006BB075 /* VR_MonitoringTests.xctest */;
			productType = "com.apple.product-type.bundle.unit-test";
		};
/* End PBXNativeTarget section */

/* Begin PBXProject section */
		7BD291AE1BEE5F0F006BB075 /* Project object */ = {
			isa = PBXProject;
			attributes = {
				LastUpgradeCheck = 0640;
				ORGANIZATIONNAME = "NU Enabling Engineering";
				TargetAttributes = {
					7BD291B51BEE5F0F006BB075 = {
						CreatedOnToolsVersion = 6.4;
					};
					7BD291CA1BEE5F0F006BB075 = {
						CreatedOnToolsVersion = 6.4;
						TestTargetID = 7BD291B51BEE5F0F006BB075;
					};
				};
			};
			buildConfigurationList = 7BD291B11BEE5F0F006BB075 /* Build configuration list for PBXProject "VR_Monitoring" */;
			compatibilityVersion = "Xcode 3.2";
			developmentRegion = English;
			hasScannedForEncodings = 0;
			knownRegions = (
				en,
				Base,
			);
			mainGroup = 7BD291AD1BEE5F0F006BB075;
			productRefGroup = 7BD291B71BEE5F0F006BB075 /* Products */;
			projectDirPath = "";
			projectRoot = "";
			targets = (
				7BD291B51BEE5F0F006BB075 /* VR_Monitoring */,
				7BD291CA1BEE5F0F006BB075 /* VR_MonitoringTests */,
			);
		};
/* End PBXProject section */

/* Begin PBXResourcesBuildPhase section */
		7BD291B41BEE5F0F006BB075 /* Resources */ = {
			isa = PBXResourcesBuildPhase;
			buildActionMask = 2147483647;
			files = (
				7BD291C11BEE5F0F006BB075 /* Main.storyboard in Resources */,
				7BD291C61BEE5F0F006BB075 /* LaunchScreen.xib in Resources */,
				7BD291C31BEE5F0F006BB075 /* Images.xcassets in Resources */,
			);
			runOnlyForDeploymentPostprocessing = 0;
		};
		7BD291C91BEE5F0F006BB075 /* Resources */ = {
			isa = PBXResourcesBuildPhase;
			buildActionMask = 2147483647;
			files = (
			);
			runOnlyForDeploymentPostprocessing = 0;
		};
/* End PBXResourcesBuildPhase section */

/* Begin PBXSourcesBuildPhase section */
		7BD291B21BEE5F0F006BB075 /* Sources */ = {
			isa = PBXSourcesBuildPhase;
			buildActionMask = 2147483647;
			files = (
				7BD292031BF92243006BB075 /* LoginViewController.swift in Sources */,
				7BD291BE1BEE5F0F006BB075 /* ViewController.swift in Sources */,
				7BD292011BEE6063006BB075 /* Parse-VR.m in Sources */,
				7BD291BC1BEE5F0F006BB075 /* AppDelegate.swift in Sources */,
			);
			runOnlyForDeploymentPostprocessing = 0;
		};
		7BD291C71BEE5F0F006BB075 /* Sources */ = {
			isa = PBXSourcesBuildPhase;
			buildActionMask = 2147483647;
			files = (
				7BD291D21BEE5F0F006BB075 /* VR_MonitoringTests.swift in Sources */,
			);
			runOnlyForDeploymentPostprocessing = 0;
		};
/* End PBXSourcesBuildPhase section */

/* Begin PBXTargetDependency section */
		7BD291CD1BEE5F0F006BB075 /* PBXTargetDependency */ = {
			isa = PBXTargetDependency;
			target = 7BD291B51BEE5F0F006BB075 /* VR_Monitoring */;
			targetProxy = 7BD291CC1BEE5F0F006BB075 /* PBXContainerItemProxy */;
		};
/* End PBXTargetDependency section */

/* Begin PBXVariantGroup section */
		7BD291BF1BEE5F0F006BB075 /* Main.storyboard */ = {
			isa = PBXVariantGroup;
			children = (
				7BD291C01BEE5F0F006BB075 /* Base */,
			);
			name = Main.storyboard;
			sourceTree = "<group>";
		};
		7BD291C41BEE5F0F006BB075 /* LaunchScreen.xib */ = {
			isa = PBXVariantGroup;
			children = (
				7BD291C51BEE5F0F006BB075 /* Base */,
			);
			name = LaunchScreen.xib;
			sourceTree = "<group>";
		};
/* End PBXVariantGroup section */

/* Begin XCBuildConfiguration section */
		7BD291D31BEE5F0F006BB075 /* Debug */ = {
			isa = XCBuildConfiguration;
			buildSettings = {
				ALWAYS_SEARCH_USER_PATHS = NO;
				CLANG_CXX_LANGUAGE_STANDARD = "gnu++0x";
				CLANG_CXX_LIBRARY = "libc++";
				CLANG_ENABLE_MODULES = YES;
				CLANG_ENABLE_OBJC_ARC = YES;
				CLANG_WARN_BOOL_CONVERSION = YES;
				CLANG_WARN_CONSTANT_CONVERSION = YES;
				CLANG_WARN_DIRECT_OBJC_ISA_USAGE = YES_ERROR;
				CLANG_WARN_EMPTY_BODY = YES;
				CLANG_WARN_ENUM_CONVERSION = YES;
				CLANG_WARN_INT_CONVERSION = YES;
				CLANG_WARN_OBJC_ROOT_CLASS = YES_ERROR;
				CLANG_WARN_UNREACHABLE_CODE = YES;
				CLANG_WARN__DUPLICATE_METHOD_MATCH = YES;
				"CODE_SIGN_IDENTITY[sdk=iphoneos*]" = "iPhone Developer";
				COPY_PHASE_STRIP = NO;
				DEBUG_INFORMATION_FORMAT = "dwarf-with-dsym";
				ENABLE_STRICT_OBJC_MSGSEND = YES;
				GCC_C_LANGUAGE_STANDARD = gnu99;
				GCC_DYNAMIC_NO_PIC = NO;
				GCC_NO_COMMON_BLOCKS = YES;
				GCC_OPTIMIZATION_LEVEL = 0;
				GCC_PREPROCESSOR_DEFINITIONS = (
					"DEBUG=1",
					"$(inherited)",
				);
				GCC_SYMBOLS_PRIVATE_EXTERN = NO;
				GCC_WARN_64_TO_32_BIT_CONVERSION = YES;
				GCC_WARN_ABOUT_RETURN_TYPE = YES_ERROR;
				GCC_WARN_UNDECLARED_SELECTOR = YES;
				GCC_WARN_UNINITIALIZED_AUTOS = YES_AGGRESSIVE;
				GCC_WARN_UNUSED_FUNCTION = YES;
				GCC_WARN_UNUSED_VARIABLE = YES;
				IPHONEOS_DEPLOYMENT_TARGET = 8.4;
				MTL_ENABLE_DEBUG_INFO = YES;
				ONLY_ACTIVE_ARCH = YES;
				SDKROOT = iphoneos;
				SWIFT_OPTIMIZATION_LEVEL = "-Onone";
				TARGETED_DEVICE_FAMILY = "1,2";
			};
			name = Debug;
		};
		7BD291D41BEE5F0F006BB075 /* Release */ = {
			isa = XCBuildConfiguration;
			buildSettings = {
				ALWAYS_SEARCH_USER_PATHS = NO;
				CLANG_CXX_LANGUAGE_STANDARD = "gnu++0x";
				CLANG_CXX_LIBRARY = "libc++";
				CLANG_ENABLE_MODULES = YES;
				CLANG_ENABLE_OBJC_ARC = YES;
				CLANG_WARN_BOOL_CONVERSION = YES;
				CLANG_WARN_CONSTANT_CONVERSION = YES;
				CLANG_WARN_DIRECT_OBJC_ISA_USAGE = YES_ERROR;
				CLANG_WARN_EMPTY_BODY = YES;
				CLANG_WARN_ENUM_CONVERSION = YES;
				CLANG_WARN_INT_CONVERSION = YES;
				CLANG_WARN_OBJC_ROOT_CLASS = YES_ERROR;
				CLANG_WARN_UNREACHABLE_CODE = YES;
				CLANG_WARN__DUPLICATE_METHOD_MATCH = YES;
				"CODE_SIGN_IDENTITY[sdk=iphoneos*]" = "iPhone Developer";
				COPY_PHASE_STRIP = NO;
				DEBUG_INFORMATION_FORMAT = "dwarf-with-dsym";
				ENABLE_NS_ASSERTIONS = NO;
				ENABLE_STRICT_OBJC_MSGSEND = YES;
				GCC_C_LANGUAGE_STANDARD = gnu99;
				GCC_NO_COMMON_BLOCKS = YES;
				GCC_WARN_64_TO_32_BIT_CONVERSION = YES;
				GCC_WARN_ABOUT_RETURN_TYPE = YES_ERROR;
				GCC_WARN_UNDECLARED_SELECTOR = YES;
				GCC_WARN_UNINITIALIZED_AUTOS = YES_AGGRESSIVE;
				GCC_WARN_UNUSED_FUNCTION = YES;
				GCC_WARN_UNUSED_VARIABLE = YES;
				IPHONEOS_DEPLOYMENT_TARGET = 8.4;
				MTL_ENABLE_DEBUG_INFO = NO;
				SDKROOT = iphoneos;
				TARGETED_DEVICE_FAMILY = "1,2";
				VALIDATE_PRODUCT = YES;
			};
			name = Release;
		};
		7BD291D61BEE5F0F006BB075 /* Debug */ = {
			isa = XCBuildConfiguration;
			buildSettings = {
				ASSETCATALOG_COMPILER_APPICON_NAME = AppIcon;
				CLANG_ENABLE_MODULES = YES;
				FRAMEWORK_SEARCH_PATHS = (
					"$(inherited)",
					"/Users/saradasymonds/Downloads/parse-library-1.9.1",
				);
				INFOPLIST_FILE = VR_Monitoring/Info.plist;
				LD_RUNPATH_SEARCH_PATHS = "$(inherited) @executable_path/Frameworks";
				PRODUCT_NAME = "$(TARGET_NAME)";
				SWIFT_OBJC_BRIDGING_HEADER = "VR_Monitoring-Bridging-Header.h";
				SWIFT_OPTIMIZATION_LEVEL = "-Onone";
			};
			name = Debug;
		};
		7BD291D71BEE5F0F006BB075 /* Release */ = {
			isa = XCBuildConfiguration;
			buildSettings = {
				ASSETCATALOG_COMPILER_APPICON_NAME = AppIcon;
				CLANG_ENABLE_MODULES = YES;
				FRAMEWORK_SEARCH_PATHS = (
					"$(inherited)",
					"/Users/saradasymonds/Downloads/parse-library-1.9.1",
				);
				INFOPLIST_FILE = VR_Monitoring/Info.plist;
				LD_RUNPATH_SEARCH_PATHS = "$(inherited) @executable_path/Frameworks";
				PRODUCT_NAME = "$(TARGET_NAME)";
				SWIFT_OBJC_BRIDGING_HEADER = "VR_Monitoring-Bridging-Header.h";
			};
			name = Release;
		};
		7BD291D91BEE5F0F006BB075 /* Debug */ = {
			isa = XCBuildConfiguration;
			buildSettings = {
				BUNDLE_LOADER = "$(TEST_HOST)";
				FRAMEWORK_SEARCH_PATHS = (
					"$(SDKROOT)/Developer/Library/Frameworks",
					"$(inherited)",
				);
				GCC_PREPROCESSOR_DEFINITIONS = (
					"DEBUG=1",
					"$(inherited)",
				);
				INFOPLIST_FILE = VR_MonitoringTests/Info.plist;
				LD_RUNPATH_SEARCH_PATHS = "$(inherited) @executable_path/Frameworks @loader_path/Frameworks";
				PRODUCT_NAME = "$(TARGET_NAME)";
				TEST_HOST = "$(BUILT_PRODUCTS_DIR)/VR_Monitoring.app/VR_Monitoring";
			};
			name = Debug;
		};
		7BD291DA1BEE5F0F006BB075 /* Release */ = {
			isa = XCBuildConfiguration;
			buildSettings = {
				BUNDLE_LOADER = "$(TEST_HOST)";
				FRAMEWORK_SEARCH_PATHS = (
					"$(SDKROOT)/Developer/Library/Frameworks",
					"$(inherited)",
				);
				INFOPLIST_FILE = VR_MonitoringTests/Info.plist;
				LD_RUNPATH_SEARCH_PATHS = "$(inherited) @executable_path/Frameworks @loader_path/Frameworks";
				PRODUCT_NAME = "$(TARGET_NAME)";
				TEST_HOST = "$(BUILT_PRODUCTS_DIR)/VR_Monitoring.app/VR_Monitoring";
			};
			name = Release;
		};
/* End XCBuildConfiguration section */

/* Begin XCConfigurationList section */
		7BD291B11BEE5F0F006BB075 /* Build configuration list for PBXProject "VR_Monitoring" */ = {
			isa = XCConfigurationList;
			buildConfigurations = (
				7BD291D31BEE5F0F006BB075 /* Debug */,
				7BD291D41BEE5F0F006BB075 /* Release */,
			);
			defaultConfigurationIsVisible = 0;
			defaultConfigurationName = Release;
		};
		7BD291D51BEE5F0F006BB075 /* Build configuration list for PBXNativeTarget "VR_Monitoring" */ = {
			isa = XCConfigurationList;
			buildConfigurations = (
				7BD291D61BEE5F0F006BB075 /* Debug */,
				7BD291D71BEE5F0F006BB075 /* Release */,
			);
			defaultConfigurationIsVisible = 0;
			defaultConfigurationName = Release;
		};
		7BD291D81BEE5F0F006BB075 /* Build configuration list for PBXNativeTarget "VR_MonitoringTests" */ = {
			isa = XCConfigurationList;
			buildConfigurations = (
				7BD291D91BEE5F0F006BB075 /* Debug */,
				7BD291DA1BEE5F0F006BB075 /* Release */,
			);
			defaultConfigurationIsVisible = 0;
			defaultConfigurationName = Release;
		};
/* End XCConfigurationList section */
	};
	rootObject = 7BD291AE1BEE5F0F006BB075 /* Project object */;
}
